// !$*UTF8*$!
{
	archiveVersion = 1;
	classes = {
	};
	objectVersion = 46;
	objects = {

/* Begin PBXBuildFile section */
		78F31C551909F74E00BAE61B /* Foundation.framework in Frameworks */ = {isa = PBXBuildFile; fileRef = 78F31C541909F74E00BAE61B /* Foundation.framework */; };
		78F31C571909F74E00BAE61B /* CoreGraphics.framework in Frameworks */ = {isa = PBXBuildFile; fileRef = 78F31C561909F74E00BAE61B /* CoreGraphics.framework */; };
		78F31C591909F74E00BAE61B /* UIKit.framework in Frameworks */ = {isa = PBXBuildFile; fileRef = 78F31C581909F74E00BAE61B /* UIKit.framework */; };
		78F31C5F1909F74E00BAE61B /* InfoPlist.strings in Resources */ = {isa = PBXBuildFile; fileRef = 78F31C5D1909F74E00BAE61B /* InfoPlist.strings */; };
		78F31C611909F74E00BAE61B /* main.m in Sources */ = {isa = PBXBuildFile; fileRef = 78F31C601909F74E00BAE61B /* main.m */; };
		78F31C651909F74E00BAE61B /* CPAppDelegate.m in Sources */ = {isa = PBXBuildFile; fileRef = 78F31C641909F74E00BAE61B /* CPAppDelegate.m */; };
		78F31C681909F74E00BAE61B /* Main.storyboard in Resources */ = {isa = PBXBuildFile; fileRef = 78F31C661909F74E00BAE61B /* Main.storyboard */; };
		78F31C6B1909F74E00BAE61B /* CPViewController.m in Sources */ = {isa = PBXBuildFile; fileRef = 78F31C6A1909F74E00BAE61B /* CPViewController.m */; };
		78F31C6D1909F74E00BAE61B /* Images.xcassets in Resources */ = {isa = PBXBuildFile; fileRef = 78F31C6C1909F74E00BAE61B /* Images.xcassets */; };
		78F31C741909F74E00BAE61B /* XCTest.framework in Frameworks */ = {isa = PBXBuildFile; fileRef = 78F31C731909F74E00BAE61B /* XCTest.framework */; };
		78F31C751909F74E00BAE61B /* Foundation.framework in Frameworks */ = {isa = PBXBuildFile; fileRef = 78F31C541909F74E00BAE61B /* Foundation.framework */; };
		78F31C761909F74E00BAE61B /* UIKit.framework in Frameworks */ = {isa = PBXBuildFile; fileRef = 78F31C581909F74E00BAE61B /* UIKit.framework */; };
		78F31C7E1909F74E00BAE61B /* InfoPlist.strings in Resources */ = {isa = PBXBuildFile; fileRef = 78F31C7C1909F74E00BAE61B /* InfoPlist.strings */; };
		78F31C801909F74E00BAE61B /* _3_ImgViewTests.m in Sources */ = {isa = PBXBuildFile; fileRef = 78F31C7F1909F74E00BAE61B /* _3_ImgViewTests.m */; };
		78F31CAB190B738A00BAE61B /* descs.plist in Resources */ = {isa = PBXBuildFile; fileRef = 78F31CAA190B738A00BAE61B /* descs.plist */; };
		78F31CE0190B801A00BAE61B /* 0.png in Resources */ = {isa = PBXBuildFile; fileRef = 78F31CD0190B801A00BAE61B /* 0.png */; };
		78F31CE1190B801A00BAE61B /* 1.png in Resources */ = {isa = PBXBuildFile; fileRef = 78F31CD1190B801A00BAE61B /* 1.png */; };
		78F31CE2190B801A00BAE61B /* 10.png in Resources */ = {isa = PBXBuildFile; fileRef = 78F31CD2190B801A00BAE61B /* 10.png */; };
		78F31CE3190B801A00BAE61B /* 11.png in Resources */ = {isa = PBXBuildFile; fileRef = 78F31CD3190B801A00BAE61B /* 11.png */; };
		78F31CE4190B801A00BAE61B /* 12.png in Resources */ = {isa = PBXBuildFile; fileRef = 78F31CD4190B801A00BAE61B /* 12.png */; };
		78F31CE5190B801A00BAE61B /* 13.png in Resources */ = {isa = PBXBuildFile; fileRef = 78F31CD5190B801A00BAE61B /* 13.png */; };
		78F31CE6190B801A00BAE61B /* 14.png in Resources */ = {isa = PBXBuildFile; fileRef = 78F31CD6190B801A00BAE61B /* 14.png */; };
		78F31CE7190B801A00BAE61B /* 15.png in Resources */ = {isa = PBXBuildFile; fileRef = 78F31CD7190B801A00BAE61B /* 15.png */; };
		78F31CE8190B801A00BAE61B /* 2.png in Resources */ = {isa = PBXBuildFile; fileRef = 78F31CD8190B801A00BAE61B /* 2.png */; };
		78F31CE9190B801A00BAE61B /* 3.png in Resources */ = {isa = PBXBuildFile; fileRef = 78F31CD9190B801A00BAE61B /* 3.png */; };
		78F31CEA190B801A00BAE61B /* 4.png in Resources */ = {isa = PBXBuildFile; fileRef = 78F31CDA190B801A00BAE61B /* 4.png */; };
		78F31CEB190B801A00BAE61B /* 5.png in Resources */ = {isa = PBXBuildFile; fileRef = 78F31CDB190B801A00BAE61B /* 5.png */; };
		78F31CEC190B801A00BAE61B /* 6.png in Resources */ = {isa = PBXBuildFile; fileRef = 78F31CDC190B801A00BAE61B /* 6.png */; };
		78F31CED190B801A00BAE61B /* 7.png in Resources */ = {isa = PBXBuildFile; fileRef = 78F31CDD190B801A00BAE61B /* 7.png */; };
		78F31CEE190B801A00BAE61B /* 8.png in Resources */ = {isa = PBXBuildFile; fileRef = 78F31CDE190B801A00BAE61B /* 8.png */; };
		78F31CEF190B801A00BAE61B /* 9.png in Resources */ = {isa = PBXBuildFile; fileRef = 78F31CDF190B801A00BAE61B /* 9.png */; };
/* End PBXBuildFile section */

/* Begin PBXContainerItemProxy section */
		78F31C771909F74E00BAE61B /* PBXContainerItemProxy */ = {
			isa = PBXContainerItemProxy;
			containerPortal = 78F31C491909F74E00BAE61B /* Project object */;
			proxyType = 1;
			remoteGlobalIDString = 78F31C501909F74E00BAE61B;
			remoteInfo = "03-ImgView";
		};
/* End PBXContainerItemProxy section */

/* Begin PBXFileReference section */
		78F31C511909F74E00BAE61B /* 03-ImgView.app */ = {isa = PBXFileReference; explicitFileType = wrapper.application; includeInIndex = 0; path = "03-ImgView.app"; sourceTree = BUILT_PRODUCTS_DIR; };
		78F31C541909F74E00BAE61B /* Foundation.framework */ = {isa = PBXFileReference; lastKnownFileType = wrapper.framework; name = Foundation.framework; path = System/Library/Frameworks/Foundation.framework; sourceTree = SDKROOT; };
		78F31C561909F74E00BAE61B /* CoreGraphics.framework */ = {isa = PBXFileReference; lastKnownFileType = wrapper.framework; name = CoreGraphics.framework; path = System/Library/Frameworks/CoreGraphics.framework; sourceTree = SDKROOT; };
		78F31C581909F74E00BAE61B /* UIKit.framework */ = {isa = PBXFileReference; lastKnownFileType = wrapper.framework; name = UIKit.framework; path = System/Library/Frameworks/UIKit.framework; sourceTree = SDKROOT; };
		78F31C5C1909F74E00BAE61B /* 03-ImgView-Info.plist */ = {isa = PBXFileReference; lastKnownFileType = text.plist.xml; path = "03-ImgView-Info.plist"; sourceTree = "<group>"; };
		78F31C5E1909F74E00BAE61B /* en */ = {isa = PBXFileReference; lastKnownFileType = text.plist.strings; name = en; path = en.lproj/InfoPlist.strings; sourceTree = "<group>"; };
		78F31C601909F74E00BAE61B /* main.m */ = {isa = PBXFileReference; lastKnownFileType = sourcecode.c.objc; path = main.m; sourceTree = "<group>"; };
		78F31C621909F74E00BAE61B /* 03-ImgView-Prefix.pch */ = {isa = PBXFileReference; lastKnownFileType = sourcecode.c.h; path = "03-ImgView-Prefix.pch"; sourceTree = "<group>"; };
		78F31C631909F74E00BAE61B /* CPAppDelegate.h */ = {isa = PBXFileReference; lastKnownFileType = sourcecode.c.h; path = CPAppDelegate.h; sourceTree = "<group>"; };
		78F31C641909F74E00BAE61B /* CPAppDelegate.m */ = {isa = PBXFileReference; lastKnownFileType = sourcecode.c.objc; path = CPAppDelegate.m; sourceTree = "<group>"; };
		78F31C671909F74E00BAE61B /* Base */ = {isa = PBXFileReference; lastKnownFileType = file.storyboard; name = Base; path = Base.lproj/Main.storyboard; sourceTree = "<group>"; };
		78F31C691909F74E00BAE61B /* CPViewController.h */ = {isa = PBXFileReference; lastKnownFileType = sourcecode.c.h; path = CPViewController.h; sourceTree = "<group>"; };
		78F31C6A1909F74E00BAE61B /* CPViewController.m */ = {isa = PBXFileReference; lastKnownFileType = sourcecode.c.objc; path = CPViewController.m; sourceTree = "<group>"; };
		78F31C6C1909F74E00BAE61B /* Images.xcassets */ = {isa = PBXFileReference; lastKnownFileType = folder.assetcatalog; path = Images.xcassets; sourceTree = "<group>"; };
		78F31C721909F74E00BAE61B /* 03-ImgViewTests.xctest */ = {isa = PBXFileReference; explicitFileType = wrapper.cfbundle; includeInIndex = 0; path = "03-ImgViewTests.xctest"; sourceTree = BUILT_PRODUCTS_DIR; };
		78F31C731909F74E00BAE61B /* XCTest.framework */ = {isa = PBXFileReference; lastKnownFileType = wrapper.framework; name = XCTest.framework; path = Library/Frameworks/XCTest.framework; sourceTree = DEVELOPER_DIR; };
		78F31C7B1909F74E00BAE61B /* 03-ImgViewTests-Info.plist */ = {isa = PBXFileReference; lastKnownFileType = text.plist.xml; path = "03-ImgViewTests-Info.plist"; sourceTree = "<group>"; };
		78F31C7D1909F74E00BAE61B /* en */ = {isa = PBXFileReference; lastKnownFileType = text.plist.strings; name = en; path = en.lproj/InfoPlist.strings; sourceTree = "<group>"; };
		78F31C7F1909F74E00BAE61B /* _3_ImgViewTests.m */ = {isa = PBXFileReference; lastKnownFileType = sourcecode.c.objc; path = _3_ImgViewTests.m; sourceTree = "<group>"; };
		78F31CAA190B738A00BAE61B /* descs.plist */ = {isa = PBXFileReference; fileEncoding = 4; lastKnownFileType = text.plist.xml; path = descs.plist; sourceTree = "<group>"; };
		78F31CD0190B801A00BAE61B /* 0.png */ = {isa = PBXFileReference; lastKnownFileType = image.png; path = 0.png; sourceTree = "<group>"; };
		78F31CD1190B801A00BAE61B /* 1.png */ = {isa = PBXFileReference; lastKnownFileType = image.png; path = 1.png; sourceTree = "<group>"; };
		78F31CD2190B801A00BAE61B /* 10.png */ = {isa = PBXFileReference; lastKnownFileType = image.png; path = 10.png; sourceTree = "<group>"; };
		78F31CD3190B801A00BAE61B /* 11.png */ = {isa = PBXFileReference; lastKnownFileType = image.png; path = 11.png; sourceTree = "<group>"; };
		78F31CD4190B801A00BAE61B /* 12.png */ = {isa = PBXFileReference; lastKnownFileType = image.png; path = 12.png; sourceTree = "<group>"; };
		78F31CD5190B801A00BAE61B /* 13.png */ = {isa = PBXFileReference; lastKnownFileType = image.png; path = 13.png; sourceTree = "<group>"; };
		78F31CD6190B801A00BAE61B /* 14.png */ = {isa = PBXFileReference; lastKnownFileType = image.png; path = 14.png; sourceTree = "<group>"; };
		78F31CD7190B801A00BAE61B /* 15.png */ = {isa = PBXFileReference; lastKnownFileType = image.png; path = 15.png; sourceTree = "<group>"; };
		78F31CD8190B801A00BAE61B /* 2.png */ = {isa = PBXFileReference; lastKnownFileType = image.png; path = 2.png; sourceTree = "<group>"; };
		78F31CD9190B801A00BAE61B /* 3.png */ = {isa = PBXFileReference; lastKnownFileType = image.png; path = 3.png; sourceTree = "<group>"; };
		78F31CDA190B801A00BAE61B /* 4.png */ = {isa = PBXFileReference; lastKnownFileType = image.png; path = 4.png; sourceTree = "<group>"; };
		78F31CDB190B801A00BAE61B /* 5.png */ = {isa = PBXFileReference; lastKnownFileType = image.png; path = 5.png; sourceTree = "<group>"; };
		78F31CDC190B801A00BAE61B /* 6.png */ = {isa = PBXFileReference; lastKnownFileType = image.png; path = 6.png; sourceTree = "<group>"; };
		78F31CDD190B801A00BAE61B /* 7.png */ = {isa = PBXFileReference; lastKnownFileType = image.png; path = 7.png; sourceTree = "<group>"; };
		78F31CDE190B801A00BAE61B /* 8.png */ = {isa = PBXFileReference; lastKnownFileType = image.png; path = 8.png; sourceTree = "<group>"; };
		78F31CDF190B801A00BAE61B /* 9.png */ = {isa = PBXFileReference; lastKnownFileType = image.png; path = 9.png; sourceTree = "<group>"; };
/* End PBXFileReference section */

/* Begin PBXFrameworksBuildPhase section */
		78F31C4E1909F74E00BAE61B /* Frameworks */ = {
			isa = PBXFrameworksBuildPhase;
			buildActionMask = 2147483647;
			files = (
				78F31C571909F74E00BAE61B /* CoreGraphics.framework in Frameworks */,
				78F31C591909F74E00BAE61B /* UIKit.framework in Frameworks */,
				78F31C551909F74E00BAE61B /* Foundation.framework in Frameworks */,
			);
			runOnlyForDeploymentPostprocessing = 0;
		};
		78F31C6F1909F74E00BAE61B /* Frameworks */ = {
			isa = PBXFrameworksBuildPhase;
			buildActionMask = 2147483647;
			files = (
				78F31C741909F74E00BAE61B /* XCTest.framework in Frameworks */,
				78F31C761909F74E00BAE61B /* UIKit.framework in Frameworks */,
				78F31C751909F74E00BAE61B /* Foundation.framework in Frameworks */,
			);
			runOnlyForDeploymentPostprocessing = 0;
		};
/* End PBXFrameworksBuildPhase section */

/* Begin PBXGroup section */
		78F31C481909F74E00BAE61B = {
			isa = PBXGroup;
			children = (
				78F31C5A1909F74E00BAE61B /* 03-ImgView */,
				78F31C791909F74E00BAE61B /* 03-ImgViewTests */,
				78F31C531909F74E00BAE61B /* Frameworks */,
				78F31C521909F74E00BAE61B /* Products */,
			);
			sourceTree = "<group>";
		};
		78F31C521909F74E00BAE61B /* Products */ = {
			isa = PBXGroup;
			children = (
				78F31C511909F74E00BAE61B /* 03-ImgView.app */,
				78F31C721909F74E00BAE61B /* 03-ImgViewTests.xctest */,
			);
			name = Products;
			sourceTree = "<group>";
		};
		78F31C531909F74E00BAE61B /* Frameworks */ = {
			isa = PBXGroup;
			children = (
				78F31C541909F74E00BAE61B /* Foundation.framework */,
				78F31C561909F74E00BAE61B /* CoreGraphics.framework */,
				78F31C581909F74E00BAE61B /* UIKit.framework */,
				78F31C731909F74E00BAE61B /* XCTest.framework */,
			);
			name = Frameworks;
			sourceTree = "<group>";
		};
		78F31C5A1909F74E00BAE61B /* 03-ImgView */ = {
			isa = PBXGroup;
			children = (
				78F31C631909F74E00BAE61B /* CPAppDelegate.h */,
				78F31C641909F74E00BAE61B /* CPAppDelegate.m */,
				78F31C661909F74E00BAE61B /* Main.storyboard */,
				78F31C691909F74E00BAE61B /* CPViewController.h */,
				78F31C6A1909F74E00BAE61B /* CPViewController.m */,
				78F31C6C1909F74E00BAE61B /* Images.xcassets */,
				78F31C5B1909F74E00BAE61B /* Supporting Files */,
				78F31CAA190B738A00BAE61B /* descs.plist */,
			);
			path = "03-ImgView";
			sourceTree = "<group>";
		};
		78F31C5B1909F74E00BAE61B /* Supporting Files */ = {
			isa = PBXGroup;
			children = (
				78F31CCF190B801A00BAE61B /* images */,
				78F31C5C1909F74E00BAE61B /* 03-ImgView-Info.plist */,
				78F31C5D1909F74E00BAE61B /* InfoPlist.strings */,
				78F31C601909F74E00BAE61B /* main.m */,
				78F31C621909F74E00BAE61B /* 03-ImgView-Prefix.pch */,
			);
			name = "Supporting Files";
			sourceTree = "<group>";
		};
		78F31C791909F74E00BAE61B /* 03-ImgViewTests */ = {
			isa = PBXGroup;
			children = (
				78F31C7F1909F74E00BAE61B /* _3_ImgViewTests.m */,
				78F31C7A1909F74E00BAE61B /* Supporting Files */,
			);
			path = "03-ImgViewTests";
			sourceTree = "<group>";
		};
		78F31C7A1909F74E00BAE61B /* Supporting Files */ = {
			isa = PBXGroup;
			children = (
				78F31C7B1909F74E00BAE61B /* 03-ImgViewTests-Info.plist */,
				78F31C7C1909F74E00BAE61B /* InfoPlist.strings */,
			);
			name = "Supporting Files";
			sourceTree = "<group>";
		};
		78F31CCF190B801A00BAE61B /* images */ = {
			isa = PBXGroup;
			children = (
				78F31CD0190B801A00BAE61B /* 0.png */,
				78F31CD1190B801A00BAE61B /* 1.png */,
				78F31CD2190B801A00BAE61B /* 10.png */,
				78F31CD3190B801A00BAE61B /* 11.png */,
				78F31CD4190B801A00BAE61B /* 12.png */,
				78F31CD5190B801A00BAE61B /* 13.png */,
				78F31CD6190B801A00BAE61B /* 14.png */,
				78F31CD7190B801A00BAE61B /* 15.png */,
				78F31CD8190B801A00BAE61B /* 2.png */,
				78F31CD9190B801A00BAE61B /* 3.png */,
				78F31CDA190B801A00BAE61B /* 4.png */,
				78F31CDB190B801A00BAE61B /* 5.png */,
				78F31CDC190B801A00BAE61B /* 6.png */,
				78F31CDD190B801A00BAE61B /* 7.png */,
				78F31CDE190B801A00BAE61B /* 8.png */,
				78F31CDF190B801A00BAE61B /* 9.png */,
			);
			path = images;
			sourceTree = "<group>";
		};
/* End PBXGroup section */

/* Begin PBXNativeTarget section */
		78F31C501909F74E00BAE61B /* 03-ImgView */ = {
			isa = PBXNativeTarget;
			buildConfigurationList = 78F31C831909F74E00BAE61B /* Build configuration list for PBXNativeTarget "03-ImgView" */;
			buildPhases = (
				78F31C4D1909F74E00BAE61B /* Sources */,
				78F31C4E1909F74E00BAE61B /* Frameworks */,
				78F31C4F1909F74E00BAE61B /* Resources */,
			);
			buildRules = (
			);
			dependencies = (
			);
			name = "03-ImgView";
			productName = "03-ImgView";
			productReference = 78F31C511909F74E00BAE61B /* 03-ImgView.app */;
			productType = "com.apple.product-type.application";
		};
		78F31C711909F74E00BAE61B /* 03-ImgViewTests */ = {
			isa = PBXNativeTarget;
			buildConfigurationList = 78F31C861909F74E00BAE61B /* Build configuration list for PBXNativeTarget "03-ImgViewTests" */;
			buildPhases = (
				78F31C6E1909F74E00BAE61B /* Sources */,
				78F31C6F1909F74E00BAE61B /* Frameworks */,
				78F31C701909F74E00BAE61B /* Resources */,
			);
			buildRules = (
			);
			dependencies = (
				78F31C781909F74E00BAE61B /* PBXTargetDependency */,
			);
			name = "03-ImgViewTests";
			productName = "03-ImgViewTests";
			productReference = 78F31C721909F74E00BAE61B /* 03-ImgViewTests.xctest */;
			productType = "com.apple.product-type.bundle.unit-test";
		};
/* End PBXNativeTarget section */

/* Begin PBXProject section */
		78F31C491909F74E00BAE61B /* Project object */ = {
			isa = PBXProject;
			attributes = {
				CLASSPREFIX = CP;
				LastUpgradeCheck = 0510;
				ORGANIZATIONNAME = pan;
				TargetAttributes = {
					78F31C711909F74E00BAE61B = {
						TestTargetID = 78F31C501909F74E00BAE61B;
					};
				};
			};
			buildConfigurationList = 78F31C4C1909F74E00BAE61B /* Build configuration list for PBXProject "03-ImgView" */;
			compatibilityVersion = "Xcode 3.2";
			developmentRegion = English;
			hasScannedForEncodings = 0;
			knownRegions = (
				en,
				Base,
			);
			mainGroup = 78F31C481909F74E00BAE61B;
			productRefGroup = 78F31C521909F74E00BAE61B /* Products */;
			projectDirPath = "";
			projectRoot = "";
			targets = (
				78F31C501909F74E00BAE61B /* 03-ImgView */,
				78F31C711909F74E00BAE61B /* 03-ImgViewTests */,
			);
		};
/* End PBXProject section */

/* Begin PBXResourcesBuildPhase section */
		78F31C4F1909F74E00BAE61B /* Resources */ = {
			isa = PBXResourcesBuildPhase;
			buildActionMask = 2147483647;
			files = (
				78F31CE8190B801A00BAE61B /* 2.png in Resources */,
				78F31CAB190B738A00BAE61B /* descs.plist in Resources */,
				78F31CE2190B801A00BAE61B /* 10.png in Resources */,
				78F31CEA190B801A00BAE61B /* 4.png in Resources */,
				78F31CE6190B801A00BAE61B /* 14.png in Resources */,
				78F31CE7190B801A00BAE61B /* 15.png in Resources */,
				78F31CEC190B801A00BAE61B /* 6.png in Resources */,
				78F31CEE190B801A00BAE61B /* 8.png in Resources */,
				78F31CE9190B801A00BAE61B /* 3.png in Resources */,
				78F31CE0190B801A00BAE61B /* 0.png in Resources */,
				78F31CED190B801A00BAE61B /* 7.png in Resources */,
				78F31CE4190B801A00BAE61B /* 12.png in Resources */,
				78F31CE3190B801A00BAE61B /* 11.png in Resources */,
				78F31CEF190B801A00BAE61B /* 9.png in Resources */,
				78F31CE5190B801A00BAE61B /* 13.png in Resources */,
				78F31C6D1909F74E00BAE61B /* Images.xcassets in Resources */,
				78F31CE1190B801A00BAE61B /* 1.png in Resources */,
				78F31CEB190B801A00BAE61B /* 5.png in Resources */,
				78F31C5F1909F74E00BAE61B /* InfoPlist.strings in Resources */,
				78F31C681909F74E00BAE61B /* Main.storyboard in Resources */,
			);
			runOnlyForDeploymentPostprocessing = 0;
		};
		78F31C701909F74E00BAE61B /* Resources */ = {
			isa = PBXResourcesBuildPhase;
			buildActionMask = 2147483647;
			files = (
				78F31C7E1909F74E00BAE61B /* InfoPlist.strings in Resources */,
			);
			runOnlyForDeploymentPostprocessing = 0;
		};
/* End PBXResourcesBuildPhase section */

/* Begin PBXSourcesBuildPhase section */
		78F31C4D1909F74E00BAE61B /* Sources */ = {
			isa = PBXSourcesBuildPhase;
			buildActionMask = 2147483647;
			files = (
				78F31C611909F74E00BAE61B /* main.m in Sources */,
				78F31C651909F74E00BAE61B /* CPAppDelegate.m in Sources */,
				78F31C6B1909F74E00BAE61B /* CPViewController.m in Sources */,
			);
			runOnlyForDeploymentPostprocessing = 0;
		};
		78F31C6E1909F74E00BAE61B /* Sources */ = {
			isa = PBXSourcesBuildPhase;
			buildActionMask = 2147483647;
			files = (
				78F31C801909F74E00BAE61B /* _3_ImgViewTests.m in Sources */,
			);
			runOnlyForDeploymentPostprocessing = 0;
		};
/* End PBXSourcesBuildPhase section */

/* Begin PBXTargetDependency section */
		78F31C781909F74E00BAE61B /* PBXTargetDependency */ = {
			isa = PBXTargetDependency;
			target = 78F31C501909F74E00BAE61B /* 03-ImgView */;
			targetProxy = 78F31C771909F74E00BAE61B /* PBXContainerItemProxy */;
		};
/* End PBXTargetDependency section */

/* Begin PBXVariantGroup section */
		78F31C5D1909F74E00BAE61B /* InfoPlist.strings */ = {
			isa = PBXVariantGroup;
			children = (
				78F31C5E1909F74E00BAE61B /* en */,
			);
			name = InfoPlist.strings;
			sourceTree = "<group>";
		};
		78F31C661909F74E00BAE61B /* Main.storyboard */ = {
			isa = PBXVariantGroup;
			children = (
				78F31C671909F74E00BAE61B /* Base */,
			);
			name = Main.storyboard;
			sourceTree = "<group>";
		};
		78F31C7C1909F74E00BAE61B /* InfoPlist.strings */ = {
			isa = PBXVariantGroup;
			children = (
				78F31C7D1909F74E00BAE61B /* en */,
			);
			name = InfoPlist.strings;
			sourceTree = "<group>";
		};
/* End PBXVariantGroup section */

/* Begin XCBuildConfiguration section */
		78F31C811909F74E00BAE61B /* Debug */ = {
			isa = XCBuildConfiguration;
			buildSettings = {
				ALWAYS_SEARCH_USER_PATHS = NO;
				CLANG_CXX_LANGUAGE_STANDARD = "gnu++0x";
				CLANG_CXX_LIBRARY = "libc++";
				CLANG_ENABLE_MODULES = YES;
				CLANG_ENABLE_OBJC_ARC = YES;
				CLANG_WARN_BOOL_CONVERSION = YES;
				CLANG_WARN_CONSTANT_CONVERSION = YES;
				CLANG_WARN_DIRECT_OBJC_ISA_USAGE = YES_ERROR;
				CLANG_WARN_EMPTY_BODY = YES;
				CLANG_WARN_ENUM_CONVERSION = YES;
				CLANG_WARN_INT_CONVERSION = YES;
				CLANG_WARN_OBJC_ROOT_CLASS = YES_ERROR;
				CLANG_WARN__DUPLICATE_METHOD_MATCH = YES;
				"CODE_SIGN_IDENTITY[sdk=iphoneos*]" = "iPhone Developer";
				COPY_PHASE_STRIP = NO;
				GCC_C_LANGUAGE_STANDARD = gnu99;
				GCC_DYNAMIC_NO_PIC = NO;
				GCC_OPTIMIZATION_LEVEL = 0;
				GCC_PREPROCESSOR_DEFINITIONS = (
					"DEBUG=1",
					"$(inherited)",
				);
				GCC_SYMBOLS_PRIVATE_EXTERN = NO;
				GCC_WARN_64_TO_32_BIT_CONVERSION = YES;
				GCC_WARN_ABOUT_RETURN_TYPE = YES_ERROR;
				GCC_WARN_UNDECLARED_SELECTOR = YES;
				GCC_WARN_UNINITIALIZED_AUTOS = YES_AGGRESSIVE;
				GCC_WARN_UNUSED_FUNCTION = YES;
				GCC_WARN_UNUSED_VARIABLE = YES;
				IPHONEOS_DEPLOYMENT_TARGET = 7.1;
				ONLY_ACTIVE_ARCH = YES;
				SDKROOT = iphoneos;
			};
			name = Debug;
		};
		78F31C821909F74E00BAE61B /* Release */ = {
			isa = XCBuildConfiguration;
			buildSettings = {
				ALWAYS_SEARCH_USER_PATHS = NO;
				CLANG_CXX_LANGUAGE_STANDARD = "gnu++0x";
				CLANG_CXX_LIBRARY = "libc++";
				CLANG_ENABLE_MODULES = YES;
				CLANG_ENABLE_OBJC_ARC = YES;
				CLANG_WARN_BOOL_CONVERSION = YES;
				CLANG_WARN_CONSTANT_CONVERSION = YES;
				CLANG_WARN_DIRECT_OBJC_ISA_USAGE = YES_ERROR;
				CLANG_WARN_EMPTY_BODY = YES;
				CLANG_WARN_ENUM_CONVERSION = YES;
				CLANG_WARN_INT_CONVERSION = YES;
				CLANG_WARN_OBJC_ROOT_CLASS = YES_ERROR;
				CLANG_WARN__DUPLICATE_METHOD_MATCH = YES;
				"CODE_SIGN_IDENTITY[sdk=iphoneos*]" = "iPhone Developer";
				COPY_PHASE_STRIP = YES;
				ENABLE_NS_ASSERTIONS = NO;
				GCC_C_LANGUAGE_STANDARD = gnu99;
				GCC_WARN_64_TO_32_BIT_CONVERSION = YES;
				GCC_WARN_ABOUT_RETURN_TYPE = YES_ERROR;
				GCC_WARN_UNDECLARED_SELECTOR = YES;
				GCC_WARN_UNINITIALIZED_AUTOS = YES_AGGRESSIVE;
				GCC_WARN_UNUSED_FUNCTION = YES;
				GCC_WARN_UNUSED_VARIABLE = YES;
				IPHONEOS_DEPLOYMENT_TARGET = 7.1;
				SDKROOT = iphoneos;
				VALIDATE_PRODUCT = YES;
			};
			name = Release;
		};
		78F31C841909F74E00BAE61B /* Debug */ = {
			isa = XCBuildConfiguration;
			buildSettings = {
				ASSETCATALOG_COMPILER_APPICON_NAME = AppIcon;
				ASSETCATALOG_COMPILER_LAUNCHIMAGE_NAME = LaunchImage;
				GCC_PRECOMPILE_PREFIX_HEADER = YES;
				GCC_PREFIX_HEADER = "03-ImgView/03-ImgView-Prefix.pch";
				INFOPLIST_FILE = "03-ImgView/03-ImgView-Info.plist";
				IPHONEOS_DEPLOYMENT_TARGET = 7.1;
				PRODUCT_NAME = "$(TARGET_NAME)";
				WRAPPER_EXTENSION = app;
			};
			name = Debug;
		};
		78F31C851909F74E00BAE61B /* Release */ = {
			isa = XCBuildConfiguration;
			buildSettings = {
				ASSETCATALOG_COMPILER_APPICON_NAME = AppIcon;
				ASSETCATALOG_COMPILER_LAUNCHIMAGE_NAME = LaunchImage;
				GCC_PRECOMPILE_PREFIX_HEADER = YES;
				GCC_PREFIX_HEADER = "03-ImgView/03-ImgView-Prefix.pch";
				INFOPLIST_FILE = "03-ImgView/03-ImgView-Info.plist";
				IPHONEOS_DEPLOYMENT_TARGET = 7.1;
				PRODUCT_NAME = "$(TARGET_NAME)";
				WRAPPER_EXTENSION = app;
			};
			name = Release;
		};
		78F31C871909F74E00BAE61B /* Debug */ = {
			isa = XCBuildConfiguration;
			buildSettings = {
				BUNDLE_LOADER = "$(BUILT_PRODUCTS_DIR)/03-ImgView.app/03-ImgView";
				FRAMEWORK_SEARCH_PATHS = (
					"$(SDKROOT)/Developer/Library/Frameworks",
					"$(inherited)",
					"$(DEVELOPER_FRAMEWORKS_DIR)",
				);
				GCC_PRECOMPILE_PREFIX_HEADER = YES;
				GCC_PREFIX_HEADER = "03-ImgView/03-ImgView-Prefix.pch";
				GCC_PREPROCESSOR_DEFINITIONS = (
					"DEBUG=1",
					"$(inherited)",
				);
				INFOPLIST_FILE = "03-ImgViewTests/03-ImgViewTests-Info.plist";
				PRODUCT_NAME = "$(TARGET_NAME)";
				TEST_HOST = "$(BUNDLE_LOADER)";
				WRAPPER_EXTENSION = xctest;
			};
			name = Debug;
		};
		78F31C881909F74E00BAE61B /* Release */ = {
			isa = XCBuildConfiguration;
			buildSettings = {
				BUNDLE_LOADER = "$(BUILT_PRODUCTS_DIR)/03-ImgView.app/03-ImgView";
				FRAMEWORK_SEARCH_PATHS = (
					"$(SDKROOT)/Developer/Library/Frameworks",
					"$(inherited)",
					"$(DEVELOPER_FRAMEWORKS_DIR)",
				);
				GCC_PRECOMPILE_PREFIX_HEADER = YES;
				GCC_PREFIX_HEADER = "03-ImgView/03-ImgView-Prefix.pch";
				INFOPLIST_FILE = "03-ImgViewTests/03-ImgViewTests-Info.plist";
				PRODUCT_NAME = "$(TARGET_NAME)";
				TEST_HOST = "$(BUNDLE_LOADER)";
				WRAPPER_EXTENSION = xctest;
			};
			name = Release;
		};
/* End XCBuildConfiguration section */

/* Begin XCConfigurationList section */
		78F31C4C1909F74E00BAE61B /* Build configuration list for PBXProject "03-ImgView" */ = {
			isa = XCConfigurationList;
			buildConfigurations = (
				78F31C811909F74E00BAE61B /* Debug */,
				78F31C821909F74E00BAE61B /* Release */,
			);
			defaultConfigurationIsVisible = 0;
			defaultConfigurationName = Release;
		};
		78F31C831909F74E00BAE61B /* Build configuration list for PBXNativeTarget "03-ImgView" */ = {
			isa = XCConfigurationList;
			buildConfigurations = (
				78F31C841909F74E00BAE61B /* Debug */,
				78F31C851909F74E00BAE61B /* Release */,
			);
			defaultConfigurationIsVisible = 0;
			defaultConfigurationName = Release;
		};
		78F31C861909F74E00BAE61B /* Build configuration list for PBXNativeTarget "03-ImgViewTests" */ = {
			isa = XCConfigurationList;
			buildConfigurations = (
				78F31C871909F74E00BAE61B /* Debug */,
				78F31C881909F74E00BAE61B /* Release */,
			);
			defaultConfigurationIsVisible = 0;
			defaultConfigurationName = Release;
		};
/* End XCConfigurationList section */
	};
	rootObject = 78F31C491909F74E00BAE61B /* Project object */;
}
