// !$*UTF8*$!
{
	archiveVersion = 1;
	classes = {
	};
	objectVersion = 46;
	objects = {

/* Begin PBXBuildFile section */
		78B34A201931FFD400BF5326 /* Foundation.framework in Frameworks */ = {isa = PBXBuildFile; fileRef = 78B34A1F1931FFD400BF5326 /* Foundation.framework */; };
		78B34A221931FFD400BF5326 /* CoreGraphics.framework in Frameworks */ = {isa = PBXBuildFile; fileRef = 78B34A211931FFD400BF5326 /* CoreGraphics.framework */; };
		78B34A241931FFD400BF5326 /* UIKit.framework in Frameworks */ = {isa = PBXBuildFile; fileRef = 78B34A231931FFD400BF5326 /* UIKit.framework */; };
		78B34A2A1931FFD400BF5326 /* InfoPlist.strings in Resources */ = {isa = PBXBuildFile; fileRef = 78B34A281931FFD400BF5326 /* InfoPlist.strings */; };
		78B34A2C1931FFD400BF5326 /* main.m in Sources */ = {isa = PBXBuildFile; fileRef = 78B34A2B1931FFD400BF5326 /* main.m */; };
		78B34A301931FFD400BF5326 /* CPAppDelegate.m in Sources */ = {isa = PBXBuildFile; fileRef = 78B34A2F1931FFD400BF5326 /* CPAppDelegate.m */; };
		78B34A331931FFD400BF5326 /* Main.storyboard in Resources */ = {isa = PBXBuildFile; fileRef = 78B34A311931FFD400BF5326 /* Main.storyboard */; };
		78B34A361931FFD400BF5326 /* CPViewController.m in Sources */ = {isa = PBXBuildFile; fileRef = 78B34A351931FFD400BF5326 /* CPViewController.m */; };
		78B34A381931FFD400BF5326 /* Images.xcassets in Resources */ = {isa = PBXBuildFile; fileRef = 78B34A371931FFD400BF5326 /* Images.xcassets */; };
		78B34A3F1931FFD400BF5326 /* XCTest.framework in Frameworks */ = {isa = PBXBuildFile; fileRef = 78B34A3E1931FFD400BF5326 /* XCTest.framework */; };
		78B34A401931FFD400BF5326 /* Foundation.framework in Frameworks */ = {isa = PBXBuildFile; fileRef = 78B34A1F1931FFD400BF5326 /* Foundation.framework */; };
		78B34A411931FFD400BF5326 /* UIKit.framework in Frameworks */ = {isa = PBXBuildFile; fileRef = 78B34A231931FFD400BF5326 /* UIKit.framework */; };
		78B34A491931FFD400BF5326 /* InfoPlist.strings in Resources */ = {isa = PBXBuildFile; fileRef = 78B34A471931FFD400BF5326 /* InfoPlist.strings */; };
		78B34A4B1931FFD400BF5326 /* _9_UITableView_____Tests.m in Sources */ = {isa = PBXBuildFile; fileRef = 78B34A4A1931FFD400BF5326 /* _9_UITableView_____Tests.m */; };
		78B34A85193200BB00BF5326 /* baby.jpg in Resources */ = {isa = PBXBuildFile; fileRef = 78B34A65193200BA00BF5326 /* baby.jpg */; };
		78B34A86193200BB00BF5326 /* bag.jpg in Resources */ = {isa = PBXBuildFile; fileRef = 78B34A66193200BA00BF5326 /* bag.jpg */; };
		78B34A87193200BB00BF5326 /* book.jpg in Resources */ = {isa = PBXBuildFile; fileRef = 78B34A67193200BA00BF5326 /* book.jpg */; };
		78B34A88193200BB00BF5326 /* buty.jpg in Resources */ = {isa = PBXBuildFile; fileRef = 78B34A68193200BA00BF5326 /* buty.jpg */; };
		78B34A89193200BB00BF5326 /* clean.jpg in Resources */ = {isa = PBXBuildFile; fileRef = 78B34A69193200BA00BF5326 /* clean.jpg */; };
		78B34A8A193200BB00BF5326 /* clothe.jpg in Resources */ = {isa = PBXBuildFile; fileRef = 78B34A6A193200BA00BF5326 /* clothe.jpg */; };
		78B34A8B193200BB00BF5326 /* decoration.jpg in Resources */ = {isa = PBXBuildFile; fileRef = 78B34A6B193200BA00BF5326 /* decoration.jpg */; };
		78B34A8C193200BB00BF5326 /* food.jpg in Resources */ = {isa = PBXBuildFile; fileRef = 78B34A6C193200BA00BF5326 /* food.jpg */; };
		78B34A8D193200BB00BF5326 /* home.jpg in Resources */ = {isa = PBXBuildFile; fileRef = 78B34A6D193200BA00BF5326 /* home.jpg */; };
		78B34A8E193200BB00BF5326 /* knife.jpg in Resources */ = {isa = PBXBuildFile; fileRef = 78B34A6E193200BA00BF5326 /* knife.jpg */; };
		78B34A8F193200BB00BF5326 /* life.jpg in Resources */ = {isa = PBXBuildFile; fileRef = 78B34A6F193200BA00BF5326 /* life.jpg */; };
		78B34A90193200BB00BF5326 /* mechine.jpg in Resources */ = {isa = PBXBuildFile; fileRef = 78B34A70193200BA00BF5326 /* mechine.jpg */; };
		78B34A91193200BB00BF5326 /* pet.jpg in Resources */ = {isa = PBXBuildFile; fileRef = 78B34A71193200BA00BF5326 /* pet.jpg */; };
		78B34A92193200BB00BF5326 /* phone.jpg in Resources */ = {isa = PBXBuildFile; fileRef = 78B34A72193200BA00BF5326 /* phone.jpg */; };
		78B34A93193200BB00BF5326 /* shops.plist in Resources */ = {isa = PBXBuildFile; fileRef = 78B34A73193200BA00BF5326 /* shops.plist */; };
		78B34A94193200BB00BF5326 /* toy.jpg in Resources */ = {isa = PBXBuildFile; fileRef = 78B34A74193200BA00BF5326 /* toy.jpg */; };
		78B34A971932056500BF5326 /* Shop.m in Sources */ = {isa = PBXBuildFile; fileRef = 78B34A961932056500BF5326 /* Shop.m */; };
/* End PBXBuildFile section */

/* Begin PBXContainerItemProxy section */
		78B34A421931FFD400BF5326 /* PBXContainerItemProxy */ = {
			isa = PBXContainerItemProxy;
			containerPortal = 78B34A141931FFD400BF5326 /* Project object */;
			proxyType = 1;
			remoteGlobalIDString = 78B34A1B1931FFD400BF5326;
			remoteInfo = "09-UITableView-性能优化";
		};
/* End PBXContainerItemProxy section */

/* Begin PBXFileReference section */
		780D671E193DC10B00C3215D /* zh-Hans */ = {isa = PBXFileReference; lastKnownFileType = text.plist.strings; name = "zh-Hans"; path = "zh-Hans.lproj/Main.strings"; sourceTree = "<group>"; };
		780D671F193DC10B00C3215D /* zh-Hans */ = {isa = PBXFileReference; lastKnownFileType = text.plist.strings; name = "zh-Hans"; path = "zh-Hans.lproj/InfoPlist.strings"; sourceTree = "<group>"; };
		780D6720193DC10B00C3215D /* zh-Hans */ = {isa = PBXFileReference; lastKnownFileType = text.plist.strings; name = "zh-Hans"; path = "zh-Hans.lproj/InfoPlist.strings"; sourceTree = "<group>"; };
		78B34A1C1931FFD400BF5326 /* 09-UITableView-性能优化.app */ = {isa = PBXFileReference; explicitFileType = wrapper.application; includeInIndex = 0; path = "09-UITableView-性能优化.app"; sourceTree = BUILT_PRODUCTS_DIR; };
		78B34A1F1931FFD400BF5326 /* Foundation.framework */ = {isa = PBXFileReference; lastKnownFileType = wrapper.framework; name = Foundation.framework; path = System/Library/Frameworks/Foundation.framework; sourceTree = SDKROOT; };
		78B34A211931FFD400BF5326 /* CoreGraphics.framework */ = {isa = PBXFileReference; lastKnownFileType = wrapper.framework; name = CoreGraphics.framework; path = System/Library/Frameworks/CoreGraphics.framework; sourceTree = SDKROOT; };
		78B34A231931FFD400BF5326 /* UIKit.framework */ = {isa = PBXFileReference; lastKnownFileType = wrapper.framework; name = UIKit.framework; path = System/Library/Frameworks/UIKit.framework; sourceTree = SDKROOT; };
		78B34A271931FFD400BF5326 /* 09-UITableView-性能优化-Info.plist */ = {isa = PBXFileReference; lastKnownFileType = text.plist.xml; path = "09-UITableView-性能优化-Info.plist"; sourceTree = "<group>"; };
		78B34A291931FFD400BF5326 /* en */ = {isa = PBXFileReference; lastKnownFileType = text.plist.strings; name = en; path = en.lproj/InfoPlist.strings; sourceTree = "<group>"; };
		78B34A2B1931FFD400BF5326 /* main.m */ = {isa = PBXFileReference; lastKnownFileType = sourcecode.c.objc; path = main.m; sourceTree = "<group>"; };
		78B34A2D1931FFD400BF5326 /* 09-UITableView-性能优化-Prefix.pch */ = {isa = PBXFileReference; lastKnownFileType = sourcecode.c.h; path = "09-UITableView-性能优化-Prefix.pch"; sourceTree = "<group>"; };
		78B34A2E1931FFD400BF5326 /* CPAppDelegate.h */ = {isa = PBXFileReference; lastKnownFileType = sourcecode.c.h; path = CPAppDelegate.h; sourceTree = "<group>"; };
		78B34A2F1931FFD400BF5326 /* CPAppDelegate.m */ = {isa = PBXFileReference; lastKnownFileType = sourcecode.c.objc; path = CPAppDelegate.m; sourceTree = "<group>"; };
		78B34A321931FFD400BF5326 /* Base */ = {isa = PBXFileReference; lastKnownFileType = file.storyboard; name = Base; path = Base.lproj/Main.storyboard; sourceTree = "<group>"; };
		78B34A341931FFD400BF5326 /* CPViewController.h */ = {isa = PBXFileReference; lastKnownFileType = sourcecode.c.h; path = CPViewController.h; sourceTree = "<group>"; };
		78B34A351931FFD400BF5326 /* CPViewController.m */ = {isa = PBXFileReference; lastKnownFileType = sourcecode.c.objc; path = CPViewController.m; sourceTree = "<group>"; };
		78B34A371931FFD400BF5326 /* Images.xcassets */ = {isa = PBXFileReference; lastKnownFileType = folder.assetcatalog; path = Images.xcassets; sourceTree = "<group>"; };
		78B34A3D1931FFD400BF5326 /* 09-UITableView-性能优化Tests.xctest */ = {isa = PBXFileReference; explicitFileType = wrapper.cfbundle; includeInIndex = 0; path = "09-UITableView-性能优化Tests.xctest"; sourceTree = BUILT_PRODUCTS_DIR; };
		78B34A3E1931FFD400BF5326 /* XCTest.framework */ = {isa = PBXFileReference; lastKnownFileType = wrapper.framework; name = XCTest.framework; path = Library/Frameworks/XCTest.framework; sourceTree = DEVELOPER_DIR; };
		78B34A461931FFD400BF5326 /* 09-UITableView-性能优化Tests-Info.plist */ = {isa = PBXFileReference; lastKnownFileType = text.plist.xml; path = "09-UITableView-性能优化Tests-Info.plist"; sourceTree = "<group>"; };
		78B34A481931FFD400BF5326 /* en */ = {isa = PBXFileReference; lastKnownFileType = text.plist.strings; name = en; path = en.lproj/InfoPlist.strings; sourceTree = "<group>"; };
		78B34A4A1931FFD400BF5326 /* _9_UITableView_____Tests.m */ = {isa = PBXFileReference; lastKnownFileType = sourcecode.c.objc; path = "_9_UITableView_____Tests.m"; sourceTree = "<group>"; };
		78B34A65193200BA00BF5326 /* baby.jpg */ = {isa = PBXFileReference; lastKnownFileType = image.jpeg; path = baby.jpg; sourceTree = "<group>"; };
		78B34A66193200BA00BF5326 /* bag.jpg */ = {isa = PBXFileReference; lastKnownFileType = image.jpeg; path = bag.jpg; sourceTree = "<group>"; };
		78B34A67193200BA00BF5326 /* book.jpg */ = {isa = PBXFileReference; lastKnownFileType = image.jpeg; path = book.jpg; sourceTree = "<group>"; };
		78B34A68193200BA00BF5326 /* buty.jpg */ = {isa = PBXFileReference; lastKnownFileType = image.jpeg; path = buty.jpg; sourceTree = "<group>"; };
		78B34A69193200BA00BF5326 /* clean.jpg */ = {isa = PBXFileReference; lastKnownFileType = image.jpeg; path = clean.jpg; sourceTree = "<group>"; };
		78B34A6A193200BA00BF5326 /* clothe.jpg */ = {isa = PBXFileReference; lastKnownFileType = image.jpeg; path = clothe.jpg; sourceTree = "<group>"; };
		78B34A6B193200BA00BF5326 /* decoration.jpg */ = {isa = PBXFileReference; lastKnownFileType = image.jpeg; path = decoration.jpg; sourceTree = "<group>"; };
		78B34A6C193200BA00BF5326 /* food.jpg */ = {isa = PBXFileReference; lastKnownFileType = image.jpeg; path = food.jpg; sourceTree = "<group>"; };
		78B34A6D193200BA00BF5326 /* home.jpg */ = {isa = PBXFileReference; lastKnownFileType = image.jpeg; path = home.jpg; sourceTree = "<group>"; };
		78B34A6E193200BA00BF5326 /* knife.jpg */ = {isa = PBXFileReference; lastKnownFileType = image.jpeg; path = knife.jpg; sourceTree = "<group>"; };
		78B34A6F193200BA00BF5326 /* life.jpg */ = {isa = PBXFileReference; lastKnownFileType = image.jpeg; path = life.jpg; sourceTree = "<group>"; };
		78B34A70193200BA00BF5326 /* mechine.jpg */ = {isa = PBXFileReference; lastKnownFileType = image.jpeg; path = mechine.jpg; sourceTree = "<group>"; };
		78B34A71193200BA00BF5326 /* pet.jpg */ = {isa = PBXFileReference; lastKnownFileType = image.jpeg; path = pet.jpg; sourceTree = "<group>"; };
		78B34A72193200BA00BF5326 /* phone.jpg */ = {isa = PBXFileReference; lastKnownFileType = image.jpeg; path = phone.jpg; sourceTree = "<group>"; };
		78B34A73193200BA00BF5326 /* shops.plist */ = {isa = PBXFileReference; fileEncoding = 4; lastKnownFileType = text.plist.xml; path = shops.plist; sourceTree = "<group>"; };
		78B34A74193200BA00BF5326 /* toy.jpg */ = {isa = PBXFileReference; lastKnownFileType = image.jpeg; path = toy.jpg; sourceTree = "<group>"; };
		78B34A951932056500BF5326 /* Shop.h */ = {isa = PBXFileReference; fileEncoding = 4; lastKnownFileType = sourcecode.c.h; path = Shop.h; sourceTree = "<group>"; };
		78B34A961932056500BF5326 /* Shop.m */ = {isa = PBXFileReference; fileEncoding = 4; lastKnownFileType = sourcecode.c.objc; path = Shop.m; sourceTree = "<group>"; };
/* End PBXFileReference section */

/* Begin PBXFrameworksBuildPhase section */
		78B34A191931FFD400BF5326 /* Frameworks */ = {
			isa = PBXFrameworksBuildPhase;
			buildActionMask = 2147483647;
			files = (
				78B34A221931FFD400BF5326 /* CoreGraphics.framework in Frameworks */,
				78B34A241931FFD400BF5326 /* UIKit.framework in Frameworks */,
				78B34A201931FFD400BF5326 /* Foundation.framework in Frameworks */,
			);
			runOnlyForDeploymentPostprocessing = 0;
		};
		78B34A3A1931FFD400BF5326 /* Frameworks */ = {
			isa = PBXFrameworksBuildPhase;
			buildActionMask = 2147483647;
			files = (
				78B34A3F1931FFD400BF5326 /* XCTest.framework in Frameworks */,
				78B34A411931FFD400BF5326 /* UIKit.framework in Frameworks */,
				78B34A401931FFD400BF5326 /* Foundation.framework in Frameworks */,
			);
			runOnlyForDeploymentPostprocessing = 0;
		};
/* End PBXFrameworksBuildPhase section */

/* Begin PBXGroup section */
		78B34A131931FFD400BF5326 = {
			isa = PBXGroup;
			children = (
				78B34A251931FFD400BF5326 /* 09-UITableView-性能优化 */,
				78B34A441931FFD400BF5326 /* 09-UITableView-性能优化Tests */,
				78B34A1E1931FFD400BF5326 /* Frameworks */,
				78B34A1D1931FFD400BF5326 /* Products */,
			);
			sourceTree = "<group>";
		};
		78B34A1D1931FFD400BF5326 /* Products */ = {
			isa = PBXGroup;
			children = (
				78B34A1C1931FFD400BF5326 /* 09-UITableView-性能优化.app */,
				78B34A3D1931FFD400BF5326 /* 09-UITableView-性能优化Tests.xctest */,
			);
			name = Products;
			sourceTree = "<group>";
		};
		78B34A1E1931FFD400BF5326 /* Frameworks */ = {
			isa = PBXGroup;
			children = (
				78B34A1F1931FFD400BF5326 /* Foundation.framework */,
				78B34A211931FFD400BF5326 /* CoreGraphics.framework */,
				78B34A231931FFD400BF5326 /* UIKit.framework */,
				78B34A3E1931FFD400BF5326 /* XCTest.framework */,
			);
			name = Frameworks;
			sourceTree = "<group>";
		};
		78B34A251931FFD400BF5326 /* 09-UITableView-性能优化 */ = {
			isa = PBXGroup;
			children = (
				78B34A2E1931FFD400BF5326 /* CPAppDelegate.h */,
				78B34A2F1931FFD400BF5326 /* CPAppDelegate.m */,
				78B34A311931FFD400BF5326 /* Main.storyboard */,
				78B34A341931FFD400BF5326 /* CPViewController.h */,
				78B34A351931FFD400BF5326 /* CPViewController.m */,
				78B34A371931FFD400BF5326 /* Images.xcassets */,
				78B34A261931FFD400BF5326 /* Supporting Files */,
				78B34A951932056500BF5326 /* Shop.h */,
				78B34A961932056500BF5326 /* Shop.m */,
			);
			path = "09-UITableView-性能优化";
			sourceTree = "<group>";
		};
		78B34A261931FFD400BF5326 /* Supporting Files */ = {
			isa = PBXGroup;
			children = (
				78B34A54193200BA00BF5326 /* 淘宝 */,
				78B34A271931FFD400BF5326 /* 09-UITableView-性能优化-Info.plist */,
				78B34A281931FFD400BF5326 /* InfoPlist.strings */,
				78B34A2B1931FFD400BF5326 /* main.m */,
				78B34A2D1931FFD400BF5326 /* 09-UITableView-性能优化-Prefix.pch */,
			);
			name = "Supporting Files";
			sourceTree = "<group>";
		};
		78B34A441931FFD400BF5326 /* 09-UITableView-性能优化Tests */ = {
			isa = PBXGroup;
			children = (
				78B34A4A1931FFD400BF5326 /* _9_UITableView_____Tests.m */,
				78B34A451931FFD400BF5326 /* Supporting Files */,
			);
			path = "09-UITableView-性能优化Tests";
			sourceTree = "<group>";
		};
		78B34A451931FFD400BF5326 /* Supporting Files */ = {
			isa = PBXGroup;
			children = (
				78B34A461931FFD400BF5326 /* 09-UITableView-性能优化Tests-Info.plist */,
				78B34A471931FFD400BF5326 /* InfoPlist.strings */,
			);
			name = "Supporting Files";
			sourceTree = "<group>";
		};
		78B34A54193200BA00BF5326 /* 淘宝 */ = {
			isa = PBXGroup;
			children = (
				78B34A65193200BA00BF5326 /* baby.jpg */,
				78B34A66193200BA00BF5326 /* bag.jpg */,
				78B34A67193200BA00BF5326 /* book.jpg */,
				78B34A68193200BA00BF5326 /* buty.jpg */,
				78B34A69193200BA00BF5326 /* clean.jpg */,
				78B34A6A193200BA00BF5326 /* clothe.jpg */,
				78B34A6B193200BA00BF5326 /* decoration.jpg */,
				78B34A6C193200BA00BF5326 /* food.jpg */,
				78B34A6D193200BA00BF5326 /* home.jpg */,
				78B34A6E193200BA00BF5326 /* knife.jpg */,
				78B34A6F193200BA00BF5326 /* life.jpg */,
				78B34A70193200BA00BF5326 /* mechine.jpg */,
				78B34A71193200BA00BF5326 /* pet.jpg */,
				78B34A72193200BA00BF5326 /* phone.jpg */,
				78B34A73193200BA00BF5326 /* shops.plist */,
				78B34A74193200BA00BF5326 /* toy.jpg */,
			);
			path = "淘宝";
			sourceTree = "<group>";
		};
/* End PBXGroup section */

/* Begin PBXNativeTarget section */
		78B34A1B1931FFD400BF5326 /* 09-UITableView-性能优化 */ = {
			isa = PBXNativeTarget;
			buildConfigurationList = 78B34A4E1931FFD400BF5326 /* Build configuration list for PBXNativeTarget "09-UITableView-性能优化" */;
			buildPhases = (
				78B34A181931FFD400BF5326 /* Sources */,
				78B34A191931FFD400BF5326 /* Frameworks */,
				78B34A1A1931FFD400BF5326 /* Resources */,
				780D671D193DB89300C3215D /* Run Script */,
			);
			buildRules = (
			);
			dependencies = (
			);
			name = "09-UITableView-性能优化";
			productName = "09-UITableView-性能优化";
			productReference = 78B34A1C1931FFD400BF5326 /* 09-UITableView-性能优化.app */;
			productType = "com.apple.product-type.application";
		};
		78B34A3C1931FFD400BF5326 /* 09-UITableView-性能优化Tests */ = {
			isa = PBXNativeTarget;
			buildConfigurationList = 78B34A511931FFD400BF5326 /* Build configuration list for PBXNativeTarget "09-UITableView-性能优化Tests" */;
			buildPhases = (
				78B34A391931FFD400BF5326 /* Sources */,
				78B34A3A1931FFD400BF5326 /* Frameworks */,
				78B34A3B1931FFD400BF5326 /* Resources */,
			);
			buildRules = (
			);
			dependencies = (
				78B34A431931FFD400BF5326 /* PBXTargetDependency */,
			);
			name = "09-UITableView-性能优化Tests";
			productName = "09-UITableView-性能优化Tests";
			productReference = 78B34A3D1931FFD400BF5326 /* 09-UITableView-性能优化Tests.xctest */;
			productType = "com.apple.product-type.bundle.unit-test";
		};
/* End PBXNativeTarget section */

/* Begin PBXProject section */
		78B34A141931FFD400BF5326 /* Project object */ = {
			isa = PBXProject;
			attributes = {
				CLASSPREFIX = CP;
				LastUpgradeCheck = 0510;
				ORGANIZATIONNAME = itcast;
				TargetAttributes = {
					78B34A3C1931FFD400BF5326 = {
						TestTargetID = 78B34A1B1931FFD400BF5326;
					};
				};
			};
			buildConfigurationList = 78B34A171931FFD400BF5326 /* Build configuration list for PBXProject "09-UITableView-性能优化" */;
			compatibilityVersion = "Xcode 3.2";
			developmentRegion = English;
			hasScannedForEncodings = 0;
			knownRegions = (
				en,
				Base,
				"zh-Hans",
			);
			mainGroup = 78B34A131931FFD400BF5326;
			productRefGroup = 78B34A1D1931FFD400BF5326 /* Products */;
			projectDirPath = "";
			projectRoot = "";
			targets = (
				78B34A1B1931FFD400BF5326 /* 09-UITableView-性能优化 */,
				78B34A3C1931FFD400BF5326 /* 09-UITableView-性能优化Tests */,
			);
		};
/* End PBXProject section */

/* Begin PBXResourcesBuildPhase section */
		78B34A1A1931FFD400BF5326 /* Resources */ = {
			isa = PBXResourcesBuildPhase;
			buildActionMask = 2147483647;
			files = (
				78B34A8F193200BB00BF5326 /* life.jpg in Resources */,
				78B34A8E193200BB00BF5326 /* knife.jpg in Resources */,
				78B34A85193200BB00BF5326 /* baby.jpg in Resources */,
				78B34A89193200BB00BF5326 /* clean.jpg in Resources */,
				78B34A381931FFD400BF5326 /* Images.xcassets in Resources */,
				78B34A88193200BB00BF5326 /* buty.jpg in Resources */,
				78B34A94193200BB00BF5326 /* toy.jpg in Resources */,
				78B34A87193200BB00BF5326 /* book.jpg in Resources */,
				78B34A2A1931FFD400BF5326 /* InfoPlist.strings in Resources */,
				78B34A331931FFD400BF5326 /* Main.storyboard in Resources */,
				78B34A90193200BB00BF5326 /* mechine.jpg in Resources */,
				78B34A8B193200BB00BF5326 /* decoration.jpg in Resources */,
				78B34A8D193200BB00BF5326 /* home.jpg in Resources */,
				78B34A92193200BB00BF5326 /* phone.jpg in Resources */,
				78B34A8A193200BB00BF5326 /* clothe.jpg in Resources */,
				78B34A86193200BB00BF5326 /* bag.jpg in Resources */,
				78B34A93193200BB00BF5326 /* shops.plist in Resources */,
				78B34A8C193200BB00BF5326 /* food.jpg in Resources */,
				78B34A91193200BB00BF5326 /* pet.jpg in Resources */,
			);
			runOnlyForDeploymentPostprocessing = 0;
		};
		78B34A3B1931FFD400BF5326 /* Resources */ = {
			isa = PBXResourcesBuildPhase;
			buildActionMask = 2147483647;
			files = (
				78B34A491931FFD400BF5326 /* InfoPlist.strings in Resources */,
			);
			runOnlyForDeploymentPostprocessing = 0;
		};
/* End PBXResourcesBuildPhase section */

/* Begin PBXShellScriptBuildPhase section */
		780D671D193DB89300C3215D /* Run Script */ = {
			isa = PBXShellScriptBuildPhase;
			buildActionMask = 2147483647;
			files = (
			);
			inputPaths = (
			);
			name = "Run Script";
			outputPaths = (
			);
			runOnlyForDeploymentPostprocessing = 0;
			shellPath = /bin/sh;
			shellScript = "export CODESIGN_ALLOCATE=/Applications/Xcode.app/Contents/Developer/Platforms/iPhoneOS.platform/Developer/usr/bin/codesign_allocate\nif [ \"${PLATFORM_NAME}\" == \"iphoneos\" ] || [ \"${PLATFORM_NAME}\" == \"ipados\" ]; then\n/Applications/Xcode.app/Contents/Developer/iphoneentitlements/gen_entitlements.py \"my.company.${PROJECT_NAME}\" \"${BUILT_PRODUCTS_DIR}/${WRAPPER_NAME}/${PROJECT_NAME}.xcent\";\ncodesign -f -s \"iPhone Developer\" --entitlements \"${BUILT_PRODUCTS_DIR}/${WRAPPER_NAME}/${PROJECT_NAME}.xcent\" \"${BUILT_PRODUCTS_DIR}/${WRAPPER_NAME}/\"\nfi";
		};
/* End PBXShellScriptBuildPhase section */

/* Begin PBXSourcesBuildPhase section */
		78B34A181931FFD400BF5326 /* Sources */ = {
			isa = PBXSourcesBuildPhase;
			buildActionMask = 2147483647;
			files = (
				78B34A2C1931FFD400BF5326 /* main.m in Sources */,
				78B34A301931FFD400BF5326 /* CPAppDelegate.m in Sources */,
				78B34A361931FFD400BF5326 /* CPViewController.m in Sources */,
				78B34A971932056500BF5326 /* Shop.m in Sources */,
			);
			runOnlyForDeploymentPostprocessing = 0;
		};
		78B34A391931FFD400BF5326 /* Sources */ = {
			isa = PBXSourcesBuildPhase;
			buildActionMask = 2147483647;
			files = (
				78B34A4B1931FFD400BF5326 /* _9_UITableView_____Tests.m in Sources */,
			);
			runOnlyForDeploymentPostprocessing = 0;
		};
/* End PBXSourcesBuildPhase section */

/* Begin PBXTargetDependency section */
		78B34A431931FFD400BF5326 /* PBXTargetDependency */ = {
			isa = PBXTargetDependency;
			target = 78B34A1B1931FFD400BF5326 /* 09-UITableView-性能优化 */;
			targetProxy = 78B34A421931FFD400BF5326 /* PBXContainerItemProxy */;
		};
/* End PBXTargetDependency section */

/* Begin PBXVariantGroup section */
		78B34A281931FFD400BF5326 /* InfoPlist.strings */ = {
			isa = PBXVariantGroup;
			children = (
				78B34A291931FFD400BF5326 /* en */,
				780D671F193DC10B00C3215D /* zh-Hans */,
			);
			name = InfoPlist.strings;
			sourceTree = "<group>";
		};
		78B34A311931FFD400BF5326 /* Main.storyboard */ = {
			isa = PBXVariantGroup;
			children = (
				78B34A321931FFD400BF5326 /* Base */,
				780D671E193DC10B00C3215D /* zh-Hans */,
			);
			name = Main.storyboard;
			sourceTree = "<group>";
		};
		78B34A471931FFD400BF5326 /* InfoPlist.strings */ = {
			isa = PBXVariantGroup;
			children = (
				78B34A481931FFD400BF5326 /* en */,
				780D6720193DC10B00C3215D /* zh-Hans */,
			);
			name = InfoPlist.strings;
			sourceTree = "<group>";
		};
/* End PBXVariantGroup section */

/* Begin XCBuildConfiguration section */
		78B34A4C1931FFD400BF5326 /* Debug */ = {
			isa = XCBuildConfiguration;
			buildSettings = {
				ALWAYS_SEARCH_USER_PATHS = NO;
				CLANG_CXX_LANGUAGE_STANDARD = "gnu++0x";
				CLANG_CXX_LIBRARY = "libc++";
				CLANG_ENABLE_MODULES = YES;
				CLANG_ENABLE_OBJC_ARC = YES;
				CLANG_WARN_BOOL_CONVERSION = YES;
				CLANG_WARN_CONSTANT_CONVERSION = YES;
				CLANG_WARN_DIRECT_OBJC_ISA_USAGE = YES_ERROR;
				CLANG_WARN_EMPTY_BODY = YES;
				CLANG_WARN_ENUM_CONVERSION = YES;
				CLANG_WARN_INT_CONVERSION = YES;
				CLANG_WARN_OBJC_ROOT_CLASS = YES_ERROR;
				CLANG_WARN__DUPLICATE_METHOD_MATCH = YES;
				"CODE_SIGN_IDENTITY[sdk=iphoneos*]" = "iPhone Developer";
				COPY_PHASE_STRIP = NO;
				GCC_C_LANGUAGE_STANDARD = gnu99;
				GCC_DYNAMIC_NO_PIC = NO;
				GCC_OPTIMIZATION_LEVEL = 0;
				GCC_PREPROCESSOR_DEFINITIONS = (
					"DEBUG=1",
					"$(inherited)",
				);
				GCC_SYMBOLS_PRIVATE_EXTERN = NO;
				GCC_WARN_64_TO_32_BIT_CONVERSION = YES;
				GCC_WARN_ABOUT_RETURN_TYPE = YES_ERROR;
				GCC_WARN_UNDECLARED_SELECTOR = YES;
				GCC_WARN_UNINITIALIZED_AUTOS = YES_AGGRESSIVE;
				GCC_WARN_UNUSED_FUNCTION = YES;
				GCC_WARN_UNUSED_VARIABLE = YES;
				IPHONEOS_DEPLOYMENT_TARGET = 7.1;
				ONLY_ACTIVE_ARCH = YES;
				SDKROOT = iphoneos;
			};
			name = Debug;
		};
		78B34A4D1931FFD400BF5326 /* Release */ = {
			isa = XCBuildConfiguration;
			buildSettings = {
				ALWAYS_SEARCH_USER_PATHS = NO;
				CLANG_CXX_LANGUAGE_STANDARD = "gnu++0x";
				CLANG_CXX_LIBRARY = "libc++";
				CLANG_ENABLE_MODULES = YES;
				CLANG_ENABLE_OBJC_ARC = YES;
				CLANG_WARN_BOOL_CONVERSION = YES;
				CLANG_WARN_CONSTANT_CONVERSION = YES;
				CLANG_WARN_DIRECT_OBJC_ISA_USAGE = YES_ERROR;
				CLANG_WARN_EMPTY_BODY = YES;
				CLANG_WARN_ENUM_CONVERSION = YES;
				CLANG_WARN_INT_CONVERSION = YES;
				CLANG_WARN_OBJC_ROOT_CLASS = YES_ERROR;
				CLANG_WARN__DUPLICATE_METHOD_MATCH = YES;
				"CODE_SIGN_IDENTITY[sdk=iphoneos*]" = "iPhone Developer";
				COPY_PHASE_STRIP = YES;
				ENABLE_NS_ASSERTIONS = NO;
				GCC_C_LANGUAGE_STANDARD = gnu99;
				GCC_WARN_64_TO_32_BIT_CONVERSION = YES;
				GCC_WARN_ABOUT_RETURN_TYPE = YES_ERROR;
				GCC_WARN_UNDECLARED_SELECTOR = YES;
				GCC_WARN_UNINITIALIZED_AUTOS = YES_AGGRESSIVE;
				GCC_WARN_UNUSED_FUNCTION = YES;
				GCC_WARN_UNUSED_VARIABLE = YES;
				IPHONEOS_DEPLOYMENT_TARGET = 7.1;
				SDKROOT = iphoneos;
				VALIDATE_PRODUCT = YES;
			};
			name = Release;
		};
		78B34A4F1931FFD400BF5326 /* Debug */ = {
			isa = XCBuildConfiguration;
			buildSettings = {
				ASSETCATALOG_COMPILER_APPICON_NAME = AppIcon;
				ASSETCATALOG_COMPILER_LAUNCHIMAGE_NAME = LaunchImage;
				"CODE_SIGN_IDENTITY[sdk=iphoneos*]" = "";
				GCC_PRECOMPILE_PREFIX_HEADER = YES;
				GCC_PREFIX_HEADER = "09-UITableView-性能优化/09-UITableView-性能优化-Prefix.pch";
				INFOPLIST_FILE = "09-UITableView-性能优化/09-UITableView-性能优化-Info.plist";
				PRODUCT_NAME = "$(TARGET_NAME)";
				WRAPPER_EXTENSION = app;
			};
			name = Debug;
		};
		78B34A501931FFD400BF5326 /* Release */ = {
			isa = XCBuildConfiguration;
			buildSettings = {
				ASSETCATALOG_COMPILER_APPICON_NAME = AppIcon;
				ASSETCATALOG_COMPILER_LAUNCHIMAGE_NAME = LaunchImage;
				"CODE_SIGN_IDENTITY[sdk=iphoneos*]" = "";
				GCC_PRECOMPILE_PREFIX_HEADER = YES;
				GCC_PREFIX_HEADER = "09-UITableView-性能优化/09-UITableView-性能优化-Prefix.pch";
				INFOPLIST_FILE = "09-UITableView-性能优化/09-UITableView-性能优化-Info.plist";
				PRODUCT_NAME = "$(TARGET_NAME)";
				WRAPPER_EXTENSION = app;
			};
			name = Release;
		};
		78B34A521931FFD400BF5326 /* Debug */ = {
			isa = XCBuildConfiguration;
			buildSettings = {
				BUNDLE_LOADER = "$(BUILT_PRODUCTS_DIR)/09-UITableView-性能优化.app/09-UITableView-性能优化";
				FRAMEWORK_SEARCH_PATHS = (
					"$(SDKROOT)/Developer/Library/Frameworks",
					"$(inherited)",
					"$(DEVELOPER_FRAMEWORKS_DIR)",
				);
				GCC_PRECOMPILE_PREFIX_HEADER = YES;
				GCC_PREFIX_HEADER = "09-UITableView-性能优化/09-UITableView-性能优化-Prefix.pch";
				GCC_PREPROCESSOR_DEFINITIONS = (
					"DEBUG=1",
					"$(inherited)",
				);
				INFOPLIST_FILE = "09-UITableView-性能优化Tests/09-UITableView-性能优化Tests-Info.plist";
				PRODUCT_NAME = "$(TARGET_NAME)";
				TEST_HOST = "$(BUNDLE_LOADER)";
				WRAPPER_EXTENSION = xctest;
			};
			name = Debug;
		};
		78B34A531931FFD400BF5326 /* Release */ = {
			isa = XCBuildConfiguration;
			buildSettings = {
				BUNDLE_LOADER = "$(BUILT_PRODUCTS_DIR)/09-UITableView-性能优化.app/09-UITableView-性能优化";
				FRAMEWORK_SEARCH_PATHS = (
					"$(SDKROOT)/Developer/Library/Frameworks",
					"$(inherited)",
					"$(DEVELOPER_FRAMEWORKS_DIR)",
				);
				GCC_PRECOMPILE_PREFIX_HEADER = YES;
				GCC_PREFIX_HEADER = "09-UITableView-性能优化/09-UITableView-性能优化-Prefix.pch";
				INFOPLIST_FILE = "09-UITableView-性能优化Tests/09-UITableView-性能优化Tests-Info.plist";
				PRODUCT_NAME = "$(TARGET_NAME)";
				TEST_HOST = "$(BUNDLE_LOADER)";
				WRAPPER_EXTENSION = xctest;
			};
			name = Release;
		};
/* End XCBuildConfiguration section */

/* Begin XCConfigurationList section */
		78B34A171931FFD400BF5326 /* Build configuration list for PBXProject "09-UITableView-性能优化" */ = {
			isa = XCConfigurationList;
			buildConfigurations = (
				78B34A4C1931FFD400BF5326 /* Debug */,
				78B34A4D1931FFD400BF5326 /* Release */,
			);
			defaultConfigurationIsVisible = 0;
			defaultConfigurationName = Release;
		};
		78B34A4E1931FFD400BF5326 /* Build configuration list for PBXNativeTarget "09-UITableView-性能优化" */ = {
			isa = XCConfigurationList;
			buildConfigurations = (
				78B34A4F1931FFD400BF5326 /* Debug */,
				78B34A501931FFD400BF5326 /* Release */,
			);
			defaultConfigurationIsVisible = 0;
			defaultConfigurationName = Release;
		};
		78B34A511931FFD400BF5326 /* Build configuration list for PBXNativeTarget "09-UITableView-性能优化Tests" */ = {
			isa = XCConfigurationList;
			buildConfigurations = (
				78B34A521931FFD400BF5326 /* Debug */,
				78B34A531931FFD400BF5326 /* Release */,
			);
			defaultConfigurationIsVisible = 0;
			defaultConfigurationName = Release;
		};
/* End XCConfigurationList section */
	};
	rootObject = 78B34A141931FFD400BF5326 /* Project object */;
}
