// !$*UTF8*$!
{
	archiveVersion = 1;
	classes = {
	};
	objectVersion = 46;
	objects = {

/* Begin PBXBuildFile section */
		78B1D067190B9C18006E2F21 /* Foundation.framework in Frameworks */ = {isa = PBXBuildFile; fileRef = 78B1D066190B9C18006E2F21 /* Foundation.framework */; };
		78B1D069190B9C18006E2F21 /* CoreGraphics.framework in Frameworks */ = {isa = PBXBuildFile; fileRef = 78B1D068190B9C18006E2F21 /* CoreGraphics.framework */; };
		78B1D06B190B9C18006E2F21 /* UIKit.framework in Frameworks */ = {isa = PBXBuildFile; fileRef = 78B1D06A190B9C18006E2F21 /* UIKit.framework */; };
		78B1D071190B9C18006E2F21 /* InfoPlist.strings in Resources */ = {isa = PBXBuildFile; fileRef = 78B1D06F190B9C18006E2F21 /* InfoPlist.strings */; };
		78B1D073190B9C18006E2F21 /* main.m in Sources */ = {isa = PBXBuildFile; fileRef = 78B1D072190B9C18006E2F21 /* main.m */; };
		78B1D077190B9C18006E2F21 /* CPAppDelegate.m in Sources */ = {isa = PBXBuildFile; fileRef = 78B1D076190B9C18006E2F21 /* CPAppDelegate.m */; };
		78B1D07A190B9C18006E2F21 /* Main.storyboard in Resources */ = {isa = PBXBuildFile; fileRef = 78B1D078190B9C18006E2F21 /* Main.storyboard */; };
		78B1D07D190B9C18006E2F21 /* CPViewController.m in Sources */ = {isa = PBXBuildFile; fileRef = 78B1D07C190B9C18006E2F21 /* CPViewController.m */; };
		78B1D07F190B9C18006E2F21 /* Images.xcassets in Resources */ = {isa = PBXBuildFile; fileRef = 78B1D07E190B9C18006E2F21 /* Images.xcassets */; };
		78B1D086190B9C18006E2F21 /* XCTest.framework in Frameworks */ = {isa = PBXBuildFile; fileRef = 78B1D085190B9C18006E2F21 /* XCTest.framework */; };
		78B1D087190B9C18006E2F21 /* Foundation.framework in Frameworks */ = {isa = PBXBuildFile; fileRef = 78B1D066190B9C18006E2F21 /* Foundation.framework */; };
		78B1D088190B9C18006E2F21 /* UIKit.framework in Frameworks */ = {isa = PBXBuildFile; fileRef = 78B1D06A190B9C18006E2F21 /* UIKit.framework */; };
		78B1D090190B9C18006E2F21 /* InfoPlist.strings in Resources */ = {isa = PBXBuildFile; fileRef = 78B1D08E190B9C18006E2F21 /* InfoPlist.strings */; };
		78B1D092190B9C18006E2F21 /* _4_SegmentedTests.m in Sources */ = {isa = PBXBuildFile; fileRef = 78B1D091190B9C18006E2F21 /* _4_SegmentedTests.m */; };
		78B1D0A5190BA011006E2F21 /* 010.png in Resources */ = {isa = PBXBuildFile; fileRef = 78B1D09C190BA011006E2F21 /* 010.png */; };
		78B1D0A6190BA011006E2F21 /* 011.png in Resources */ = {isa = PBXBuildFile; fileRef = 78B1D09D190BA011006E2F21 /* 011.png */; };
		78B1D0A7190BA011006E2F21 /* 012.png in Resources */ = {isa = PBXBuildFile; fileRef = 78B1D09E190BA011006E2F21 /* 012.png */; };
		78B1D0A8190BA011006E2F21 /* 013.png in Resources */ = {isa = PBXBuildFile; fileRef = 78B1D09F190BA011006E2F21 /* 013.png */; };
		78B1D0A9190BA011006E2F21 /* 014.png in Resources */ = {isa = PBXBuildFile; fileRef = 78B1D0A0190BA011006E2F21 /* 014.png */; };
		78B1D0AA190BA011006E2F21 /* 015.png in Resources */ = {isa = PBXBuildFile; fileRef = 78B1D0A1190BA011006E2F21 /* 015.png */; };
		78B1D0AB190BA011006E2F21 /* 016.png in Resources */ = {isa = PBXBuildFile; fileRef = 78B1D0A2190BA011006E2F21 /* 016.png */; };
		78B1D0AC190BA011006E2F21 /* 017.png in Resources */ = {isa = PBXBuildFile; fileRef = 78B1D0A3190BA011006E2F21 /* 017.png */; };
		78B1D0AD190BA011006E2F21 /* 018.png in Resources */ = {isa = PBXBuildFile; fileRef = 78B1D0A4190BA011006E2F21 /* 018.png */; };
/* End PBXBuildFile section */

/* Begin PBXContainerItemProxy section */
		78B1D089190B9C18006E2F21 /* PBXContainerItemProxy */ = {
			isa = PBXContainerItemProxy;
			containerPortal = 78B1D05B190B9C18006E2F21 /* Project object */;
			proxyType = 1;
			remoteGlobalIDString = 78B1D062190B9C18006E2F21;
			remoteInfo = "04-Segmented";
		};
/* End PBXContainerItemProxy section */

/* Begin PBXFileReference section */
		78B1D063190B9C18006E2F21 /* 04-Segmented.app */ = {isa = PBXFileReference; explicitFileType = wrapper.application; includeInIndex = 0; path = "04-Segmented.app"; sourceTree = BUILT_PRODUCTS_DIR; };
		78B1D066190B9C18006E2F21 /* Foundation.framework */ = {isa = PBXFileReference; lastKnownFileType = wrapper.framework; name = Foundation.framework; path = System/Library/Frameworks/Foundation.framework; sourceTree = SDKROOT; };
		78B1D068190B9C18006E2F21 /* CoreGraphics.framework */ = {isa = PBXFileReference; lastKnownFileType = wrapper.framework; name = CoreGraphics.framework; path = System/Library/Frameworks/CoreGraphics.framework; sourceTree = SDKROOT; };
		78B1D06A190B9C18006E2F21 /* UIKit.framework */ = {isa = PBXFileReference; lastKnownFileType = wrapper.framework; name = UIKit.framework; path = System/Library/Frameworks/UIKit.framework; sourceTree = SDKROOT; };
		78B1D06E190B9C18006E2F21 /* 04-Segmented-Info.plist */ = {isa = PBXFileReference; lastKnownFileType = text.plist.xml; path = "04-Segmented-Info.plist"; sourceTree = "<group>"; };
		78B1D070190B9C18006E2F21 /* en */ = {isa = PBXFileReference; lastKnownFileType = text.plist.strings; name = en; path = en.lproj/InfoPlist.strings; sourceTree = "<group>"; };
		78B1D072190B9C18006E2F21 /* main.m */ = {isa = PBXFileReference; lastKnownFileType = sourcecode.c.objc; path = main.m; sourceTree = "<group>"; };
		78B1D074190B9C18006E2F21 /* 04-Segmented-Prefix.pch */ = {isa = PBXFileReference; lastKnownFileType = sourcecode.c.h; path = "04-Segmented-Prefix.pch"; sourceTree = "<group>"; };
		78B1D075190B9C18006E2F21 /* CPAppDelegate.h */ = {isa = PBXFileReference; lastKnownFileType = sourcecode.c.h; path = CPAppDelegate.h; sourceTree = "<group>"; };
		78B1D076190B9C18006E2F21 /* CPAppDelegate.m */ = {isa = PBXFileReference; lastKnownFileType = sourcecode.c.objc; path = CPAppDelegate.m; sourceTree = "<group>"; };
		78B1D079190B9C18006E2F21 /* Base */ = {isa = PBXFileReference; lastKnownFileType = file.storyboard; name = Base; path = Base.lproj/Main.storyboard; sourceTree = "<group>"; };
		78B1D07B190B9C18006E2F21 /* CPViewController.h */ = {isa = PBXFileReference; lastKnownFileType = sourcecode.c.h; path = CPViewController.h; sourceTree = "<group>"; };
		78B1D07C190B9C18006E2F21 /* CPViewController.m */ = {isa = PBXFileReference; lastKnownFileType = sourcecode.c.objc; path = CPViewController.m; sourceTree = "<group>"; };
		78B1D07E190B9C18006E2F21 /* Images.xcassets */ = {isa = PBXFileReference; lastKnownFileType = folder.assetcatalog; path = Images.xcassets; sourceTree = "<group>"; };
		78B1D084190B9C18006E2F21 /* 04-SegmentedTests.xctest */ = {isa = PBXFileReference; explicitFileType = wrapper.cfbundle; includeInIndex = 0; path = "04-SegmentedTests.xctest"; sourceTree = BUILT_PRODUCTS_DIR; };
		78B1D085190B9C18006E2F21 /* XCTest.framework */ = {isa = PBXFileReference; lastKnownFileType = wrapper.framework; name = XCTest.framework; path = Library/Frameworks/XCTest.framework; sourceTree = DEVELOPER_DIR; };
		78B1D08D190B9C18006E2F21 /* 04-SegmentedTests-Info.plist */ = {isa = PBXFileReference; lastKnownFileType = text.plist.xml; path = "04-SegmentedTests-Info.plist"; sourceTree = "<group>"; };
		78B1D08F190B9C18006E2F21 /* en */ = {isa = PBXFileReference; lastKnownFileType = text.plist.strings; name = en; path = en.lproj/InfoPlist.strings; sourceTree = "<group>"; };
		78B1D091190B9C18006E2F21 /* _4_SegmentedTests.m */ = {isa = PBXFileReference; lastKnownFileType = sourcecode.c.objc; path = _4_SegmentedTests.m; sourceTree = "<group>"; };
		78B1D09C190BA011006E2F21 /* 010.png */ = {isa = PBXFileReference; lastKnownFileType = image.png; path = 010.png; sourceTree = "<group>"; };
		78B1D09D190BA011006E2F21 /* 011.png */ = {isa = PBXFileReference; lastKnownFileType = image.png; path = 011.png; sourceTree = "<group>"; };
		78B1D09E190BA011006E2F21 /* 012.png */ = {isa = PBXFileReference; lastKnownFileType = image.png; path = 012.png; sourceTree = "<group>"; };
		78B1D09F190BA011006E2F21 /* 013.png */ = {isa = PBXFileReference; lastKnownFileType = image.png; path = 013.png; sourceTree = "<group>"; };
		78B1D0A0190BA011006E2F21 /* 014.png */ = {isa = PBXFileReference; lastKnownFileType = image.png; path = 014.png; sourceTree = "<group>"; };
		78B1D0A1190BA011006E2F21 /* 015.png */ = {isa = PBXFileReference; lastKnownFileType = image.png; path = 015.png; sourceTree = "<group>"; };
		78B1D0A2190BA011006E2F21 /* 016.png */ = {isa = PBXFileReference; lastKnownFileType = image.png; path = 016.png; sourceTree = "<group>"; };
		78B1D0A3190BA011006E2F21 /* 017.png */ = {isa = PBXFileReference; lastKnownFileType = image.png; path = 017.png; sourceTree = "<group>"; };
		78B1D0A4190BA011006E2F21 /* 018.png */ = {isa = PBXFileReference; lastKnownFileType = image.png; path = 018.png; sourceTree = "<group>"; };
/* End PBXFileReference section */

/* Begin PBXFrameworksBuildPhase section */
		78B1D060190B9C18006E2F21 /* Frameworks */ = {
			isa = PBXFrameworksBuildPhase;
			buildActionMask = 2147483647;
			files = (
				78B1D069190B9C18006E2F21 /* CoreGraphics.framework in Frameworks */,
				78B1D06B190B9C18006E2F21 /* UIKit.framework in Frameworks */,
				78B1D067190B9C18006E2F21 /* Foundation.framework in Frameworks */,
			);
			runOnlyForDeploymentPostprocessing = 0;
		};
		78B1D081190B9C18006E2F21 /* Frameworks */ = {
			isa = PBXFrameworksBuildPhase;
			buildActionMask = 2147483647;
			files = (
				78B1D086190B9C18006E2F21 /* XCTest.framework in Frameworks */,
				78B1D088190B9C18006E2F21 /* UIKit.framework in Frameworks */,
				78B1D087190B9C18006E2F21 /* Foundation.framework in Frameworks */,
			);
			runOnlyForDeploymentPostprocessing = 0;
		};
/* End PBXFrameworksBuildPhase section */

/* Begin PBXGroup section */
		78B1D05A190B9C18006E2F21 = {
			isa = PBXGroup;
			children = (
				78B1D06C190B9C18006E2F21 /* 04-Segmented */,
				78B1D08B190B9C18006E2F21 /* 04-SegmentedTests */,
				78B1D065190B9C18006E2F21 /* Frameworks */,
				78B1D064190B9C18006E2F21 /* Products */,
			);
			sourceTree = "<group>";
		};
		78B1D064190B9C18006E2F21 /* Products */ = {
			isa = PBXGroup;
			children = (
				78B1D063190B9C18006E2F21 /* 04-Segmented.app */,
				78B1D084190B9C18006E2F21 /* 04-SegmentedTests.xctest */,
			);
			name = Products;
			sourceTree = "<group>";
		};
		78B1D065190B9C18006E2F21 /* Frameworks */ = {
			isa = PBXGroup;
			children = (
				78B1D066190B9C18006E2F21 /* Foundation.framework */,
				78B1D068190B9C18006E2F21 /* CoreGraphics.framework */,
				78B1D06A190B9C18006E2F21 /* UIKit.framework */,
				78B1D085190B9C18006E2F21 /* XCTest.framework */,
			);
			name = Frameworks;
			sourceTree = "<group>";
		};
		78B1D06C190B9C18006E2F21 /* 04-Segmented */ = {
			isa = PBXGroup;
			children = (
				78B1D075190B9C18006E2F21 /* CPAppDelegate.h */,
				78B1D076190B9C18006E2F21 /* CPAppDelegate.m */,
				78B1D078190B9C18006E2F21 /* Main.storyboard */,
				78B1D07B190B9C18006E2F21 /* CPViewController.h */,
				78B1D07C190B9C18006E2F21 /* CPViewController.m */,
				78B1D07E190B9C18006E2F21 /* Images.xcassets */,
				78B1D06D190B9C18006E2F21 /* Supporting Files */,
			);
			path = "04-Segmented";
			sourceTree = "<group>";
		};
		78B1D06D190B9C18006E2F21 /* Supporting Files */ = {
			isa = PBXGroup;
			children = (
				78B1D09B190BA004006E2F21 /* images */,
				78B1D06E190B9C18006E2F21 /* 04-Segmented-Info.plist */,
				78B1D06F190B9C18006E2F21 /* InfoPlist.strings */,
				78B1D072190B9C18006E2F21 /* main.m */,
				78B1D074190B9C18006E2F21 /* 04-Segmented-Prefix.pch */,
			);
			name = "Supporting Files";
			sourceTree = "<group>";
		};
		78B1D08B190B9C18006E2F21 /* 04-SegmentedTests */ = {
			isa = PBXGroup;
			children = (
				78B1D091190B9C18006E2F21 /* _4_SegmentedTests.m */,
				78B1D08C190B9C18006E2F21 /* Supporting Files */,
			);
			path = "04-SegmentedTests";
			sourceTree = "<group>";
		};
		78B1D08C190B9C18006E2F21 /* Supporting Files */ = {
			isa = PBXGroup;
			children = (
				78B1D08D190B9C18006E2F21 /* 04-SegmentedTests-Info.plist */,
				78B1D08E190B9C18006E2F21 /* InfoPlist.strings */,
			);
			name = "Supporting Files";
			sourceTree = "<group>";
		};
		78B1D09B190BA004006E2F21 /* images */ = {
			isa = PBXGroup;
			children = (
				78B1D09C190BA011006E2F21 /* 010.png */,
				78B1D09D190BA011006E2F21 /* 011.png */,
				78B1D09E190BA011006E2F21 /* 012.png */,
				78B1D09F190BA011006E2F21 /* 013.png */,
				78B1D0A0190BA011006E2F21 /* 014.png */,
				78B1D0A1190BA011006E2F21 /* 015.png */,
				78B1D0A2190BA011006E2F21 /* 016.png */,
				78B1D0A3190BA011006E2F21 /* 017.png */,
				78B1D0A4190BA011006E2F21 /* 018.png */,
			);
			name = images;
			sourceTree = "<group>";
		};
/* End PBXGroup section */

/* Begin PBXNativeTarget section */
		78B1D062190B9C18006E2F21 /* 04-Segmented */ = {
			isa = PBXNativeTarget;
			buildConfigurationList = 78B1D095190B9C18006E2F21 /* Build configuration list for PBXNativeTarget "04-Segmented" */;
			buildPhases = (
				78B1D05F190B9C18006E2F21 /* Sources */,
				78B1D060190B9C18006E2F21 /* Frameworks */,
				78B1D061190B9C18006E2F21 /* Resources */,
			);
			buildRules = (
			);
			dependencies = (
			);
			name = "04-Segmented";
			productName = "04-Segmented";
			productReference = 78B1D063190B9C18006E2F21 /* 04-Segmented.app */;
			productType = "com.apple.product-type.application";
		};
		78B1D083190B9C18006E2F21 /* 04-SegmentedTests */ = {
			isa = PBXNativeTarget;
			buildConfigurationList = 78B1D098190B9C18006E2F21 /* Build configuration list for PBXNativeTarget "04-SegmentedTests" */;
			buildPhases = (
				78B1D080190B9C18006E2F21 /* Sources */,
				78B1D081190B9C18006E2F21 /* Frameworks */,
				78B1D082190B9C18006E2F21 /* Resources */,
			);
			buildRules = (
			);
			dependencies = (
				78B1D08A190B9C18006E2F21 /* PBXTargetDependency */,
			);
			name = "04-SegmentedTests";
			productName = "04-SegmentedTests";
			productReference = 78B1D084190B9C18006E2F21 /* 04-SegmentedTests.xctest */;
			productType = "com.apple.product-type.bundle.unit-test";
		};
/* End PBXNativeTarget section */

/* Begin PBXProject section */
		78B1D05B190B9C18006E2F21 /* Project object */ = {
			isa = PBXProject;
			attributes = {
				CLASSPREFIX = CP;
				LastUpgradeCheck = 0510;
				ORGANIZATIONNAME = itcast;
				TargetAttributes = {
					78B1D083190B9C18006E2F21 = {
						TestTargetID = 78B1D062190B9C18006E2F21;
					};
				};
			};
			buildConfigurationList = 78B1D05E190B9C18006E2F21 /* Build configuration list for PBXProject "04-Segmented" */;
			compatibilityVersion = "Xcode 3.2";
			developmentRegion = English;
			hasScannedForEncodings = 0;
			knownRegions = (
				en,
				Base,
			);
			mainGroup = 78B1D05A190B9C18006E2F21;
			productRefGroup = 78B1D064190B9C18006E2F21 /* Products */;
			projectDirPath = "";
			projectRoot = "";
			targets = (
				78B1D062190B9C18006E2F21 /* 04-Segmented */,
				78B1D083190B9C18006E2F21 /* 04-SegmentedTests */,
			);
		};
/* End PBXProject section */

/* Begin PBXResourcesBuildPhase section */
		78B1D061190B9C18006E2F21 /* Resources */ = {
			isa = PBXResourcesBuildPhase;
			buildActionMask = 2147483647;
			files = (
				78B1D0AA190BA011006E2F21 /* 015.png in Resources */,
				78B1D07F190B9C18006E2F21 /* Images.xcassets in Resources */,
				78B1D071190B9C18006E2F21 /* InfoPlist.strings in Resources */,
				78B1D0AD190BA011006E2F21 /* 018.png in Resources */,
				78B1D0A6190BA011006E2F21 /* 011.png in Resources */,
				78B1D0A8190BA011006E2F21 /* 013.png in Resources */,
				78B1D0A7190BA011006E2F21 /* 012.png in Resources */,
				78B1D07A190B9C18006E2F21 /* Main.storyboard in Resources */,
				78B1D0AB190BA011006E2F21 /* 016.png in Resources */,
				78B1D0AC190BA011006E2F21 /* 017.png in Resources */,
				78B1D0A5190BA011006E2F21 /* 010.png in Resources */,
				78B1D0A9190BA011006E2F21 /* 014.png in Resources */,
			);
			runOnlyForDeploymentPostprocessing = 0;
		};
		78B1D082190B9C18006E2F21 /* Resources */ = {
			isa = PBXResourcesBuildPhase;
			buildActionMask = 2147483647;
			files = (
				78B1D090190B9C18006E2F21 /* InfoPlist.strings in Resources */,
			);
			runOnlyForDeploymentPostprocessing = 0;
		};
/* End PBXResourcesBuildPhase section */

/* Begin PBXSourcesBuildPhase section */
		78B1D05F190B9C18006E2F21 /* Sources */ = {
			isa = PBXSourcesBuildPhase;
			buildActionMask = 2147483647;
			files = (
				78B1D073190B9C18006E2F21 /* main.m in Sources */,
				78B1D077190B9C18006E2F21 /* CPAppDelegate.m in Sources */,
				78B1D07D190B9C18006E2F21 /* CPViewController.m in Sources */,
			);
			runOnlyForDeploymentPostprocessing = 0;
		};
		78B1D080190B9C18006E2F21 /* Sources */ = {
			isa = PBXSourcesBuildPhase;
			buildActionMask = 2147483647;
			files = (
				78B1D092190B9C18006E2F21 /* _4_SegmentedTests.m in Sources */,
			);
			runOnlyForDeploymentPostprocessing = 0;
		};
/* End PBXSourcesBuildPhase section */

/* Begin PBXTargetDependency section */
		78B1D08A190B9C18006E2F21 /* PBXTargetDependency */ = {
			isa = PBXTargetDependency;
			target = 78B1D062190B9C18006E2F21 /* 04-Segmented */;
			targetProxy = 78B1D089190B9C18006E2F21 /* PBXContainerItemProxy */;
		};
/* End PBXTargetDependency section */

/* Begin PBXVariantGroup section */
		78B1D06F190B9C18006E2F21 /* InfoPlist.strings */ = {
			isa = PBXVariantGroup;
			children = (
				78B1D070190B9C18006E2F21 /* en */,
			);
			name = InfoPlist.strings;
			sourceTree = "<group>";
		};
		78B1D078190B9C18006E2F21 /* Main.storyboard */ = {
			isa = PBXVariantGroup;
			children = (
				78B1D079190B9C18006E2F21 /* Base */,
			);
			name = Main.storyboard;
			sourceTree = "<group>";
		};
		78B1D08E190B9C18006E2F21 /* InfoPlist.strings */ = {
			isa = PBXVariantGroup;
			children = (
				78B1D08F190B9C18006E2F21 /* en */,
			);
			name = InfoPlist.strings;
			sourceTree = "<group>";
		};
/* End PBXVariantGroup section */

/* Begin XCBuildConfiguration section */
		78B1D093190B9C18006E2F21 /* Debug */ = {
			isa = XCBuildConfiguration;
			buildSettings = {
				ALWAYS_SEARCH_USER_PATHS = NO;
				CLANG_CXX_LANGUAGE_STANDARD = "gnu++0x";
				CLANG_CXX_LIBRARY = "libc++";
				CLANG_ENABLE_MODULES = YES;
				CLANG_ENABLE_OBJC_ARC = YES;
				CLANG_WARN_BOOL_CONVERSION = YES;
				CLANG_WARN_CONSTANT_CONVERSION = YES;
				CLANG_WARN_DIRECT_OBJC_ISA_USAGE = YES_ERROR;
				CLANG_WARN_EMPTY_BODY = YES;
				CLANG_WARN_ENUM_CONVERSION = YES;
				CLANG_WARN_INT_CONVERSION = YES;
				CLANG_WARN_OBJC_ROOT_CLASS = YES_ERROR;
				CLANG_WARN__DUPLICATE_METHOD_MATCH = YES;
				"CODE_SIGN_IDENTITY[sdk=iphoneos*]" = "iPhone Developer";
				COPY_PHASE_STRIP = NO;
				GCC_C_LANGUAGE_STANDARD = gnu99;
				GCC_DYNAMIC_NO_PIC = NO;
				GCC_OPTIMIZATION_LEVEL = 0;
				GCC_PREPROCESSOR_DEFINITIONS = (
					"DEBUG=1",
					"$(inherited)",
				);
				GCC_SYMBOLS_PRIVATE_EXTERN = NO;
				GCC_WARN_64_TO_32_BIT_CONVERSION = YES;
				GCC_WARN_ABOUT_RETURN_TYPE = YES_ERROR;
				GCC_WARN_UNDECLARED_SELECTOR = YES;
				GCC_WARN_UNINITIALIZED_AUTOS = YES_AGGRESSIVE;
				GCC_WARN_UNUSED_FUNCTION = YES;
				GCC_WARN_UNUSED_VARIABLE = YES;
				IPHONEOS_DEPLOYMENT_TARGET = 7.1;
				ONLY_ACTIVE_ARCH = YES;
				SDKROOT = iphoneos;
			};
			name = Debug;
		};
		78B1D094190B9C18006E2F21 /* Release */ = {
			isa = XCBuildConfiguration;
			buildSettings = {
				ALWAYS_SEARCH_USER_PATHS = NO;
				CLANG_CXX_LANGUAGE_STANDARD = "gnu++0x";
				CLANG_CXX_LIBRARY = "libc++";
				CLANG_ENABLE_MODULES = YES;
				CLANG_ENABLE_OBJC_ARC = YES;
				CLANG_WARN_BOOL_CONVERSION = YES;
				CLANG_WARN_CONSTANT_CONVERSION = YES;
				CLANG_WARN_DIRECT_OBJC_ISA_USAGE = YES_ERROR;
				CLANG_WARN_EMPTY_BODY = YES;
				CLANG_WARN_ENUM_CONVERSION = YES;
				CLANG_WARN_INT_CONVERSION = YES;
				CLANG_WARN_OBJC_ROOT_CLASS = YES_ERROR;
				CLANG_WARN__DUPLICATE_METHOD_MATCH = YES;
				"CODE_SIGN_IDENTITY[sdk=iphoneos*]" = "iPhone Developer";
				COPY_PHASE_STRIP = YES;
				ENABLE_NS_ASSERTIONS = NO;
				GCC_C_LANGUAGE_STANDARD = gnu99;
				GCC_WARN_64_TO_32_BIT_CONVERSION = YES;
				GCC_WARN_ABOUT_RETURN_TYPE = YES_ERROR;
				GCC_WARN_UNDECLARED_SELECTOR = YES;
				GCC_WARN_UNINITIALIZED_AUTOS = YES_AGGRESSIVE;
				GCC_WARN_UNUSED_FUNCTION = YES;
				GCC_WARN_UNUSED_VARIABLE = YES;
				IPHONEOS_DEPLOYMENT_TARGET = 7.1;
				SDKROOT = iphoneos;
				VALIDATE_PRODUCT = YES;
			};
			name = Release;
		};
		78B1D096190B9C18006E2F21 /* Debug */ = {
			isa = XCBuildConfiguration;
			buildSettings = {
				ASSETCATALOG_COMPILER_APPICON_NAME = AppIcon;
				ASSETCATALOG_COMPILER_LAUNCHIMAGE_NAME = LaunchImage;
				GCC_PRECOMPILE_PREFIX_HEADER = YES;
				GCC_PREFIX_HEADER = "04-Segmented/04-Segmented-Prefix.pch";
				INFOPLIST_FILE = "04-Segmented/04-Segmented-Info.plist";
				PRODUCT_NAME = "$(TARGET_NAME)";
				WRAPPER_EXTENSION = app;
			};
			name = Debug;
		};
		78B1D097190B9C18006E2F21 /* Release */ = {
			isa = XCBuildConfiguration;
			buildSettings = {
				ASSETCATALOG_COMPILER_APPICON_NAME = AppIcon;
				ASSETCATALOG_COMPILER_LAUNCHIMAGE_NAME = LaunchImage;
				GCC_PRECOMPILE_PREFIX_HEADER = YES;
				GCC_PREFIX_HEADER = "04-Segmented/04-Segmented-Prefix.pch";
				INFOPLIST_FILE = "04-Segmented/04-Segmented-Info.plist";
				PRODUCT_NAME = "$(TARGET_NAME)";
				WRAPPER_EXTENSION = app;
			};
			name = Release;
		};
		78B1D099190B9C18006E2F21 /* Debug */ = {
			isa = XCBuildConfiguration;
			buildSettings = {
				BUNDLE_LOADER = "$(BUILT_PRODUCTS_DIR)/04-Segmented.app/04-Segmented";
				FRAMEWORK_SEARCH_PATHS = (
					"$(SDKROOT)/Developer/Library/Frameworks",
					"$(inherited)",
					"$(DEVELOPER_FRAMEWORKS_DIR)",
				);
				GCC_PRECOMPILE_PREFIX_HEADER = YES;
				GCC_PREFIX_HEADER = "04-Segmented/04-Segmented-Prefix.pch";
				GCC_PREPROCESSOR_DEFINITIONS = (
					"DEBUG=1",
					"$(inherited)",
				);
				INFOPLIST_FILE = "04-SegmentedTests/04-SegmentedTests-Info.plist";
				PRODUCT_NAME = "$(TARGET_NAME)";
				TEST_HOST = "$(BUNDLE_LOADER)";
				WRAPPER_EXTENSION = xctest;
			};
			name = Debug;
		};
		78B1D09A190B9C18006E2F21 /* Release */ = {
			isa = XCBuildConfiguration;
			buildSettings = {
				BUNDLE_LOADER = "$(BUILT_PRODUCTS_DIR)/04-Segmented.app/04-Segmented";
				FRAMEWORK_SEARCH_PATHS = (
					"$(SDKROOT)/Developer/Library/Frameworks",
					"$(inherited)",
					"$(DEVELOPER_FRAMEWORKS_DIR)",
				);
				GCC_PRECOMPILE_PREFIX_HEADER = YES;
				GCC_PREFIX_HEADER = "04-Segmented/04-Segmented-Prefix.pch";
				INFOPLIST_FILE = "04-SegmentedTests/04-SegmentedTests-Info.plist";
				PRODUCT_NAME = "$(TARGET_NAME)";
				TEST_HOST = "$(BUNDLE_LOADER)";
				WRAPPER_EXTENSION = xctest;
			};
			name = Release;
		};
/* End XCBuildConfiguration section */

/* Begin XCConfigurationList section */
		78B1D05E190B9C18006E2F21 /* Build configuration list for PBXProject "04-Segmented" */ = {
			isa = XCConfigurationList;
			buildConfigurations = (
				78B1D093190B9C18006E2F21 /* Debug */,
				78B1D094190B9C18006E2F21 /* Release */,
			);
			defaultConfigurationIsVisible = 0;
			defaultConfigurationName = Release;
		};
		78B1D095190B9C18006E2F21 /* Build configuration list for PBXNativeTarget "04-Segmented" */ = {
			isa = XCConfigurationList;
			buildConfigurations = (
				78B1D096190B9C18006E2F21 /* Debug */,
				78B1D097190B9C18006E2F21 /* Release */,
			);
			defaultConfigurationIsVisible = 0;
		};
		78B1D098190B9C18006E2F21 /* Build configuration list for PBXNativeTarget "04-SegmentedTests" */ = {
			isa = XCConfigurationList;
			buildConfigurations = (
				78B1D099190B9C18006E2F21 /* Debug */,
				78B1D09A190B9C18006E2F21 /* Release */,
			);
			defaultConfigurationIsVisible = 0;
		};
/* End XCConfigurationList section */
	};
	rootObject = 78B1D05B190B9C18006E2F21 /* Project object */;
}
